// !$*UTF8*$!
{
	archiveVersion = 1;
	classes = {
	};
	objectVersion = 50;
	objects = {

/* Begin PBXBuildFile section */
		E80F4C872514B6D800661CE0 /* ETC_10989_수 정렬하기 3.cpp in Sources */ = {isa = PBXBuildFile; fileRef = E80F4C862514B6D800661CE0 /* ETC_10989_수 정렬하기 3.cpp */; };
		E80F4C922514B76F00661CE0 /* DP_01003_피보나치 함수.cpp in Sources */ = {isa = PBXBuildFile; fileRef = E80F4C8D2514B76F00661CE0 /* DP_01003_피보나치 함수.cpp */; };
		E80F4C932514B76F00661CE0 /* DP_02407_조합.cpp in Sources */ = {isa = PBXBuildFile; fileRef = E80F4C8E2514B76F00661CE0 /* DP_02407_조합.cpp */; };
		E80F4C942514B76F00661CE0 /* DP_09095_1, 2, 3 더하기.cpp in Sources */ = {isa = PBXBuildFile; fileRef = E80F4C8F2514B76F00661CE0 /* DP_09095_1, 2, 3 더하기.cpp */; };
		E80F4C952514B76F00661CE0 /* DP_15988_1, 2, 3 더하기 3.cpp in Sources */ = {isa = PBXBuildFile; fileRef = E80F4C902514B76F00661CE0 /* DP_15988_1, 2, 3 더하기 3.cpp */; };
		E80F4C962514B76F00661CE0 /* DP_12101_1, 2, 3 더하기 2.cpp in Sources */ = {isa = PBXBuildFile; fileRef = E80F4C912514B76F00661CE0 /* DP_12101_1, 2, 3 더하기 2.cpp */; };
		E80F4C9B2515F75D00661CE0 /* BF_03040_백설 공주와 일곱 난쟁이.cpp in Sources */ = {isa = PBXBuildFile; fileRef = E80F4C9A2515F75D00661CE0 /* BF_03040_백설 공주와 일곱 난쟁이.cpp */; };
		E80F4C9F2516960900661CE0 /* DP_05557_1학년.cpp in Sources */ = {isa = PBXBuildFile; fileRef = E80F4C9E2516960900661CE0 /* DP_05557_1학년.cpp */; };
		E80F4CA22518A87800661CE0 /* DP_04811_알약.cpp in Sources */ = {isa = PBXBuildFile; fileRef = E80F4CA12518A87800661CE0 /* DP_04811_알약.cpp */; };
		E80F4CA525190B0B00661CE0 /* DP_09625_BABBA.cpp in Sources */ = {isa = PBXBuildFile; fileRef = E80F4CA425190B0B00661CE0 /* DP_09625_BABBA.cpp */; };
		E80F4CA825190DC800661CE0 /* DP_13301_타일 장식물.cpp in Sources */ = {isa = PBXBuildFile; fileRef = E80F4CA725190DC800661CE0 /* DP_13301_타일 장식물.cpp */; };
		E80F4CAB251915DB00661CE0 /* DP_14697_방 배정하기.cpp in Sources */ = {isa = PBXBuildFile; fileRef = E80F4CAA251915DB00661CE0 /* DP_14697_방 배정하기.cpp */; };
		E80F4CB7251CB21200661CE0 /* DP_10164_격자상의 경로.cpp in Sources */ = {isa = PBXBuildFile; fileRef = E80F4CB6251CB21200661CE0 /* DP_10164_격자상의 경로.cpp */; };
		E81D83DB24EEEAFE004081B2 /* BFS_01697_숨바꼭질.cpp in Sources */ = {isa = PBXBuildFile; fileRef = E81D83DA24EEEAFE004081B2 /* BFS_01697_숨바꼭질.cpp */; };
		E81D83DE24EF2A5B004081B2 /* S_15683_감시.cpp in Sources */ = {isa = PBXBuildFile; fileRef = E81D83DD24EF2A5B004081B2 /* S_15683_감시.cpp */; };
		E81D83E424F077A1004081B2 /* BT_15684_사다리 조작.cpp in Sources */ = {isa = PBXBuildFile; fileRef = E81D83E324F077A1004081B2 /* BT_15684_사다리 조작.cpp */; };
		E8382F4C2521FA8B002900A9 /* G_01931_회의실배정.cpp in Sources */ = {isa = PBXBuildFile; fileRef = E8382F4B2521FA8B002900A9 /* G_01931_회의실배정.cpp */; };
		E8382F5A25230078002900A9 /* ETC_04470_줄번호.cpp in Sources */ = {isa = PBXBuildFile; fileRef = E8382F5925230078002900A9 /* ETC_04470_줄번호.cpp */; };
		E8382F6525249608002900A9 /* DP_11053_가장 긴 증가하는 부분 수열.cpp in Sources */ = {isa = PBXBuildFile; fileRef = E8382F6425249608002900A9 /* DP_11053_가장 긴 증가하는 부분 수열.cpp */; };
		E8382F682525DE35002900A9 /* DP_09655_돌 게임.cpp in Sources */ = {isa = PBXBuildFile; fileRef = E8382F672525DE35002900A9 /* DP_09655_돌 게임.cpp */; };
		E8382F6B2527348C002900A9 /* DP_09656_돌 게임 2.cpp in Sources */ = {isa = PBXBuildFile; fileRef = E8382F6A2527348C002900A9 /* DP_09656_돌 게임 2.cpp */; };
		E8382F6E25287B03002900A9 /* M_10539_수빈이와 수열.cpp in Sources */ = {isa = PBXBuildFile; fileRef = E8382F6D25287B03002900A9 /* M_10539_수빈이와 수열.cpp */; };
		E841B912251D0B4A00C5BC60 /* DP_01520_내리막 길.cpp in Sources */ = {isa = PBXBuildFile; fileRef = E841B911251D0B4A00C5BC60 /* DP_01520_내리막 길.cpp */; };
		E859B6A824FE6A4B00895C7D /* DFS_09466_텀 프로젝트.cpp in Sources */ = {isa = PBXBuildFile; fileRef = E859B6A724FE6A4B00895C7D /* DFS_09466_텀 프로젝트.cpp */; };
		E859B6F224FFAB8200895C7D /* ETC_02909_캔디 구매.cpp in Sources */ = {isa = PBXBuildFile; fileRef = E859B6B224FFAB8100895C7D /* ETC_02909_캔디 구매.cpp */; };
		E859B6F324FFAB8200895C7D /* ETC_06603_로또.cpp in Sources */ = {isa = PBXBuildFile; fileRef = E859B6B324FFAB8100895C7D /* ETC_06603_로또.cpp */; };
		E859B6F424FFAB8200895C7D /* ETC_03009_네 번째 점.cpp in Sources */ = {isa = PBXBuildFile; fileRef = E859B6B424FFAB8100895C7D /* ETC_03009_네 번째 점.cpp */; };
		E859B6F524FFAB8200895C7D /* ETC_02493_탑.cpp in Sources */ = {isa = PBXBuildFile; fileRef = E859B6B524FFAB8100895C7D /* ETC_02493_탑.cpp */; };
		E859B6F624FFAB8200895C7D /* ETC_16172_나는 친구가 적다 (Large).cpp in Sources */ = {isa = PBXBuildFile; fileRef = E859B6B624FFAB8100895C7D /* ETC_16172_나는 친구가 적다 (Large).cpp */; };
		E859B6F724FFAB8200895C7D /* ETC_02164_카드2.cpp in Sources */ = {isa = PBXBuildFile; fileRef = E859B6B724FFAB8100895C7D /* ETC_02164_카드2.cpp */; };
		E859B6F924FFAB8200895C7D /* ETC_01966_프린터 큐.cpp in Sources */ = {isa = PBXBuildFile; fileRef = E859B6B924FFAB8100895C7D /* ETC_01966_프린터 큐.cpp */; };
		E859B6FA24FFAB8200895C7D /* ETC_02443_별 찍기 - 6.cpp in Sources */ = {isa = PBXBuildFile; fileRef = E859B6BA24FFAB8100895C7D /* ETC_02443_별 찍기 - 6.cpp */; };
		E859B6FB24FFAB8200895C7D /* ETC_11328_Strfry.cpp in Sources */ = {isa = PBXBuildFile; fileRef = E859B6BB24FFAB8100895C7D /* ETC_11328_Strfry.cpp */; };
		E859B6FC24FFAB8200895C7D /* ETC_01181_단어 정렬.cpp in Sources */ = {isa = PBXBuildFile; fileRef = E859B6BC24FFAB8100895C7D /* ETC_01181_단어 정렬.cpp */; };
		E859B6FD24FFAB8200895C7D /* ETC_10807_개수 세기.cpp in Sources */ = {isa = PBXBuildFile; fileRef = E859B6BD24FFAB8100895C7D /* ETC_10807_개수 세기.cpp */; };
		E859B6FE24FFAB8200895C7D /* ETC_01952_달팽이2.cpp in Sources */ = {isa = PBXBuildFile; fileRef = E859B6BE24FFAB8100895C7D /* ETC_01952_달팽이2.cpp */; };
		E859B70124FFAB8200895C7D /* ETC_02003_수들의 합.cpp in Sources */ = {isa = PBXBuildFile; fileRef = E859B6C124FFAB8100895C7D /* ETC_02003_수들의 합.cpp */; };
		E859B70324FFAB8200895C7D /* ETC_02444_별 찍기 - 7.cpp in Sources */ = {isa = PBXBuildFile; fileRef = E859B6C324FFAB8100895C7D /* ETC_02444_별 찍기 - 7.cpp */; };
		E859B70424FFAB8200895C7D /* ETC_11651_좌표 정렬하기 2.cpp in Sources */ = {isa = PBXBuildFile; fileRef = E859B6C424FFAB8100895C7D /* ETC_11651_좌표 정렬하기 2.cpp */; };
		E859B70524FFAB8200895C7D /* ETC_01629_곱셈.cpp in Sources */ = {isa = PBXBuildFile; fileRef = E859B6C524FFAB8100895C7D /* ETC_01629_곱셈.cpp */; };
		E859B70624FFAB8200895C7D /* ETC_11650_좌표 정렬하기.cpp in Sources */ = {isa = PBXBuildFile; fileRef = E859B6C624FFAB8100895C7D /* ETC_11650_좌표 정렬하기.cpp */; };
		E859B70724FFAB8200895C7D /* ETC_16171_나는 친구가 적다 (Small).cpp in Sources */ = {isa = PBXBuildFile; fileRef = E859B6C724FFAB8100895C7D /* ETC_16171_나는 친구가 적다 (Small).cpp */; };
		E859B70824FFAB8200895C7D /* ETC_15595_정답 비율 계산하기.cpp in Sources */ = {isa = PBXBuildFile; fileRef = E859B6C824FFAB8100895C7D /* ETC_15595_정답 비율 계산하기.cpp */; };
		E859B70924FFAB8200895C7D /* ETC_05430_AC.cpp in Sources */ = {isa = PBXBuildFile; fileRef = E859B6C924FFAB8100895C7D /* ETC_05430_AC.cpp */; };
		E859B70A24FFAB8200895C7D /* ETC_13300_방 배정.cpp in Sources */ = {isa = PBXBuildFile; fileRef = E859B6CA24FFAB8100895C7D /* ETC_13300_방 배정.cpp */; };
		E859B70B24FFAB8200895C7D /* ETC_07510_고급 수학.cpp in Sources */ = {isa = PBXBuildFile; fileRef = E859B6CB24FFAB8100895C7D /* ETC_07510_고급 수학.cpp */; };
		E859B70C24FFAB8200895C7D /* ETC_01874_스택 수열.cpp in Sources */ = {isa = PBXBuildFile; fileRef = E859B6CC24FFAB8100895C7D /* ETC_01874_스택 수열.cpp */; };
		E859B70D24FFAB8200895C7D /* ETC_02355_시그마.cpp in Sources */ = {isa = PBXBuildFile; fileRef = E859B6CD24FFAB8100895C7D /* ETC_02355_시그마.cpp */; };
		E859B70F24FFAB8200895C7D /* ETC_03035_스캐너.cpp in Sources */ = {isa = PBXBuildFile; fileRef = E859B6CF24FFAB8100895C7D /* ETC_03035_스캐너.cpp */; };
		E859B71124FFAB8200895C7D /* ETC_02445_별 찍기 - 8.cpp in Sources */ = {isa = PBXBuildFile; fileRef = E859B6D124FFAB8100895C7D /* ETC_02445_별 찍기 - 8.cpp */; };
		E859B71224FFAB8200895C7D /* ETC_01919_애너그램 만들기.cpp in Sources */ = {isa = PBXBuildFile; fileRef = E859B6D224FFAB8100895C7D /* ETC_01919_애너그램 만들기.cpp */; };
		E859B71324FFAB8200895C7D /* ETC_02752_세수정렬.cpp in Sources */ = {isa = PBXBuildFile; fileRef = E859B6D324FFAB8100895C7D /* ETC_02752_세수정렬.cpp */; };
		E859B71624FFAB8200895C7D /* ETC_02966_찍기.cpp in Sources */ = {isa = PBXBuildFile; fileRef = E859B6D624FFAB8100895C7D /* ETC_02966_찍기.cpp */; };
		E859B71724FFAB8200895C7D /* ETC_12813_이진수 연산.cpp in Sources */ = {isa = PBXBuildFile; fileRef = E859B6D724FFAB8100895C7D /* ETC_12813_이진수 연산.cpp */; };
		E859B71824FFAB8200895C7D /* ETC_01021_회전하는 큐.cpp in Sources */ = {isa = PBXBuildFile; fileRef = E859B6D824FFAB8100895C7D /* ETC_01021_회전하는 큐.cpp */; };
		E859B71924FFAB8200895C7D /* ETC_02751_수 정렬하기 2.cpp in Sources */ = {isa = PBXBuildFile; fileRef = E859B6D924FFAB8100895C7D /* ETC_02751_수 정렬하기 2.cpp */; };
		E859B71A24FFAB8200895C7D /* ETC_10816_숫자 카드 2.cpp in Sources */ = {isa = PBXBuildFile; fileRef = E859B6DA24FFAB8100895C7D /* ETC_10816_숫자 카드 2.cpp */; };
		E859B71B24FFAB8200895C7D /* ETC_05397_키로거.cpp in Sources */ = {isa = PBXBuildFile; fileRef = E859B6DB24FFAB8100895C7D /* ETC_05397_키로거.cpp */; };
		E859B71C24FFAB8200895C7D /* ETC_02484_주사위 네개.cpp in Sources */ = {isa = PBXBuildFile; fileRef = E859B6DC24FFAB8100895C7D /* ETC_02484_주사위 네개.cpp */; };
		E859B71D24FFAB8200895C7D /* ETC_10815_숫자 카드.cpp in Sources */ = {isa = PBXBuildFile; fileRef = E859B6DD24FFAB8100895C7D /* ETC_10815_숫자 카드.cpp */; };
		E859B71E24FFAB8200895C7D /* ETC_01920_수 찾기.cpp in Sources */ = {isa = PBXBuildFile; fileRef = E859B6DE24FFAB8100895C7D /* ETC_01920_수 찾기.cpp */; };
		E859B71F24FFAB8200895C7D /* ETC_02587_대표값2.cpp in Sources */ = {isa = PBXBuildFile; fileRef = E859B6DF24FFAB8100895C7D /* ETC_02587_대표값2.cpp */; };
		E859B72024FFAB8200895C7D /* ETC_11004_K번째 수.cpp in Sources */ = {isa = PBXBuildFile; fileRef = E859B6E024FFAB8100895C7D /* ETC_11004_K번째 수.cpp */; };
		E859B72224FFAB8200895C7D /* ETC_09012_괄호.cpp in Sources */ = {isa = PBXBuildFile; fileRef = E859B6E224FFAB8100895C7D /* ETC_09012_괄호.cpp */; };
		E859B72324FFAB8200895C7D /* ETC_01267_핸드폰 요금.cpp in Sources */ = {isa = PBXBuildFile; fileRef = E859B6E324FFAB8100895C7D /* ETC_01267_핸드폰 요금.cpp */; };
		E859B72424FFAB8200895C7D /* ETC_02485_가로수.cpp in Sources */ = {isa = PBXBuildFile; fileRef = E859B6E424FFAB8100895C7D /* ETC_02485_가로수.cpp */; };
		E859B72524FFAB8200895C7D /* ETC_01158_요세푸스 문제.cpp in Sources */ = {isa = PBXBuildFile; fileRef = E859B6E524FFAB8100895C7D /* ETC_01158_요세푸스 문제.cpp */; };
		E859B72624FFAB8200895C7D /* ETC_06198_옥상 정원 꾸미기.cpp in Sources */ = {isa = PBXBuildFile; fileRef = E859B6E624FFAB8100895C7D /* ETC_06198_옥상 정원 꾸미기.cpp */; };
		E859B72724FFAB8200895C7D /* ETC_02480_주사위 세개.cpp in Sources */ = {isa = PBXBuildFile; fileRef = E859B6E724FFAB8100895C7D /* ETC_02480_주사위 세개.cpp */; };
		E859B72824FFAB8200895C7D /* ETC_14581_팬들에게 둘러싸인 홍준.cpp in Sources */ = {isa = PBXBuildFile; fileRef = E859B6E824FFAB8100895C7D /* ETC_14581_팬들에게 둘러싸인 홍준.cpp */; };
		E859B72924FFAB8200895C7D /* ETC_10804_카드 역배치.cpp in Sources */ = {isa = PBXBuildFile; fileRef = E859B6E924FFAB8100895C7D /* ETC_10804_카드 역배치.cpp */; };
		E859B72A24FFAB8200895C7D /* ETC_02592_대표값.cpp in Sources */ = {isa = PBXBuildFile; fileRef = E859B6EA24FFAB8100895C7D /* ETC_02592_대표값.cpp */; };
		E859B72B24FFAB8200895C7D /* ETC_10093_숫자.cpp in Sources */ = {isa = PBXBuildFile; fileRef = E859B6EB24FFAB8100895C7D /* ETC_10093_숫자.cpp */; };
		E859B72D24FFAB8200895C7D /* ETC_01406_에디터.cpp in Sources */ = {isa = PBXBuildFile; fileRef = E859B6ED24FFAB8100895C7D /* ETC_01406_에디터.cpp */; };
		E859B72E24FFAB8200895C7D /* ETC_18258_큐 2.cpp in Sources */ = {isa = PBXBuildFile; fileRef = E859B6EE24FFAB8100895C7D /* ETC_18258_큐 2.cpp */; };
		E859B72F24FFAB8200895C7D /* ETC_14910_오르막.cpp in Sources */ = {isa = PBXBuildFile; fileRef = E859B6EF24FFAB8200895C7D /* ETC_14910_오르막.cpp */; };
		E859B73124FFAB8200895C7D /* ETC_01644_소수들의 연속합.cpp in Sources */ = {isa = PBXBuildFile; fileRef = E859B6F124FFAB8200895C7D /* ETC_01644_소수들의 연속합.cpp */; };
		E859B7342500061100895C7D /* BFS_02178_미로 탐색.cpp in Sources */ = {isa = PBXBuildFile; fileRef = E859B7332500061100895C7D /* BFS_02178_미로 탐색.cpp */; };
		E859B73625011ABB00895C7D /* ETC_04949_균형잡힌 세상.cpp in Sources */ = {isa = PBXBuildFile; fileRef = E859B73525011ABB00895C7D /* ETC_04949_균형잡힌 세상.cpp */; };
		E859B7382501244300895C7D /* ETC_10799_쇠막대기.cpp in Sources */ = {isa = PBXBuildFile; fileRef = E859B7372501244300895C7D /* ETC_10799_쇠막대기.cpp */; };
		E859B73A2501437000895C7D /* ETC_02504_괄호의 값.cpp in Sources */ = {isa = PBXBuildFile; fileRef = E859B7392501437000895C7D /* ETC_02504_괄호의 값.cpp */; };
		E859B7412504DCC400895C7D /* G_04889_안정적인 문자열.cpp in Sources */ = {isa = PBXBuildFile; fileRef = E859B7402504DCC400895C7D /* G_04889_안정적인 문자열.cpp */; };
		E859B7432506778100895C7D /* G_05585_거스름돈.cpp in Sources */ = {isa = PBXBuildFile; fileRef = E859B7422506778100895C7D /* G_05585_거스름돈.cpp */; };
		E859B74525067C3C00895C7D /* BFS_07562_나이트의 이동.cpp in Sources */ = {isa = PBXBuildFile; fileRef = E859B74425067C3C00895C7D /* BFS_07562_나이트의 이동.cpp */; };
		E859B7742507D37600895C7D /* ETC_14681_사분면 고르기.cpp in Sources */ = {isa = PBXBuildFile; fileRef = E859B7732507D37600895C7D /* ETC_14681_사분면 고르기.cpp */; };
		E859B7762507E5C000895C7D /* BFS_01600_말이 되고픈 원숭이.cpp in Sources */ = {isa = PBXBuildFile; fileRef = E859B7752507E5C000895C7D /* BFS_01600_말이 되고픈 원숭이.cpp */; };
		E859B7782507F03100895C7D /* BFS_14442_벽 부수고 이동하기 2.cpp in Sources */ = {isa = PBXBuildFile; fileRef = E859B7772507F03100895C7D /* BFS_14442_벽 부수고 이동하기 2.cpp */; };
		E859B77C250929BE00895C7D /* BFS_05567_결혼식.cpp in Sources */ = {isa = PBXBuildFile; fileRef = E859B77B250929BE00895C7D /* BFS_05567_결혼식.cpp */; };
		E859B77E250A0B4D00895C7D /* DFS_01405_미친 로봇.cpp in Sources */ = {isa = PBXBuildFile; fileRef = E859B77D250A0B4D00895C7D /* DFS_01405_미친 로봇.cpp */; };
		E859B780250A356700895C7D /* DFS_01743_음식물 피하기.cpp in Sources */ = {isa = PBXBuildFile; fileRef = E859B77F250A356700895C7D /* DFS_01743_음식물 피하기.cpp */; };
		E859B79B2510D88600895C7D /* ETC_02108_통계학.cpp in Sources */ = {isa = PBXBuildFile; fileRef = E859B79A2510D88600895C7D /* ETC_02108_통계학.cpp */; };
		E859B79D25125C4900895C7D /* ETC_03047_ABC.cpp in Sources */ = {isa = PBXBuildFile; fileRef = E859B79C25125C4900895C7D /* ETC_03047_ABC.cpp */; };
		E859B79F25134F3000895C7D /* DFS_02023_신기한 소수.cpp in Sources */ = {isa = PBXBuildFile; fileRef = E859B79E25134F3000895C7D /* DFS_02023_신기한 소수.cpp */; };
		E859B7A125135BB100895C7D /* BFS_02251_물통.cpp in Sources */ = {isa = PBXBuildFile; fileRef = E859B7A025135BB100895C7D /* BFS_02251_물통.cpp */; };
		E859B7A3251360EE00895C7D /* DFS_02234_성곽.cpp in Sources */ = {isa = PBXBuildFile; fileRef = E859B7A2251360EE00895C7D /* DFS_02234_성곽.cpp */; };
		E859B7A52513707C00895C7D /* DFS_01926_그림.cpp in Sources */ = {isa = PBXBuildFile; fileRef = E859B7A42513707C00895C7D /* DFS_01926_그림.cpp */; };
		E859B7A72514A68800895C7D /* M_10757_큰 수 A+B.cpp in Sources */ = {isa = PBXBuildFile; fileRef = E859B7A62514A68800895C7D /* M_10757_큰 수 A+B.cpp */; };
		E89F295724EA947F0000EDAB /* BT_02661_좋은수열.cpp in Sources */ = {isa = PBXBuildFile; fileRef = E89F295624EA947F0000EDAB /* BT_02661_좋은수열.cpp */; };
		E89F295924EA94CC0000EDAB /* BT_02580_스도쿠.cpp in Sources */ = {isa = PBXBuildFile; fileRef = E89F295824EA94CC0000EDAB /* BT_02580_스도쿠.cpp */; };
		E89F297E24ED3F720000EDAB /* BFS_01260_DFS와 BFS.cpp in Sources */ = {isa = PBXBuildFile; fileRef = E89F297D24ED3F720000EDAB /* BFS_01260_DFS와 BFS.cpp */; };
		E89F298024ED6D760000EDAB /* DFS_02667_단지번호붙이기.cpp in Sources */ = {isa = PBXBuildFile; fileRef = E89F297F24ED6D760000EDAB /* DFS_02667_단지번호붙이기.cpp */; };
		E89F298224EDA84E0000EDAB /* BFS_04179_불!.cpp in Sources */ = {isa = PBXBuildFile; fileRef = E89F298124EDA84E0000EDAB /* BFS_04179_불!.cpp */; };
		E89F298624EDADAD0000EDAB /* BF_15686_치킨 배달.cpp in Sources */ = {isa = PBXBuildFile; fileRef = E89F298524EDADAD0000EDAB /* BF_15686_치킨 배달.cpp */; };
		E8DB38C724F2DAF700A27AC6 /* BT_15649_N과 M (1).cpp in Sources */ = {isa = PBXBuildFile; fileRef = E8DB38C624F2DAF700A27AC6 /* BT_15649_N과 M (1).cpp */; };
		E8DB38C924F2DE2100A27AC6 /* BT_15650_N과 M (2).cpp in Sources */ = {isa = PBXBuildFile; fileRef = E8DB38C824F2DE2100A27AC6 /* BT_15650_N과 M (2).cpp */; };
		E8DB38CB24F2E17700A27AC6 /* BT_15651_N과 M (3).cpp in Sources */ = {isa = PBXBuildFile; fileRef = E8DB38CA24F2E17700A27AC6 /* BT_15651_N과 M (3).cpp */; };
		E8DB38CD24F2E1F900A27AC6 /* BT_15652_N과 M (4).cpp in Sources */ = {isa = PBXBuildFile; fileRef = E8DB38CC24F2E1F900A27AC6 /* BT_15652_N과 M (4).cpp */; };
		E8DB38CF24F2E64400A27AC6 /* BT_15654_N과 M (5).cpp in Sources */ = {isa = PBXBuildFile; fileRef = E8DB38CE24F2E64400A27AC6 /* BT_15654_N과 M (5).cpp */; };
		E8DB38D124F3A21100A27AC6 /* BT_15655_N과 M (6).cpp in Sources */ = {isa = PBXBuildFile; fileRef = E8DB38D024F3A21100A27AC6 /* BT_15655_N과 M (6).cpp */; };
		E8DB38D324F3A38C00A27AC6 /* BT_15656_N과 M (7).cpp in Sources */ = {isa = PBXBuildFile; fileRef = E8DB38D224F3A38C00A27AC6 /* BT_15656_N과 M (7).cpp */; };
		E8DB38D524F3A56400A27AC6 /* BT_15657_N과 M (8).cpp in Sources */ = {isa = PBXBuildFile; fileRef = E8DB38D424F3A56400A27AC6 /* BT_15657_N과 M (8).cpp */; };
		E8DB38D724F51CD800A27AC6 /* BT_15663_N과 M (9).cpp in Sources */ = {isa = PBXBuildFile; fileRef = E8DB38D624F51CD800A27AC6 /* BT_15663_N과 M (9).cpp */; };
		E8DB38D924F51D3300A27AC6 /* BT_15664_N과 M (10).cpp in Sources */ = {isa = PBXBuildFile; fileRef = E8DB38D824F51D3300A27AC6 /* BT_15664_N과 M (10).cpp */; };
		E8DB38DB24F51DB900A27AC6 /* BT_15665_N과 M (11).cpp in Sources */ = {isa = PBXBuildFile; fileRef = E8DB38DA24F51DB900A27AC6 /* BT_15665_N과 M (11).cpp */; };
		E8DB38DD24F5223800A27AC6 /* BT_15666_N과 M (12).cpp in Sources */ = {isa = PBXBuildFile; fileRef = E8DB38DC24F5223800A27AC6 /* BT_15666_N과 M (12).cpp */; };
		E8DB38DF24F5417300A27AC6 /* DFS_01012_유기농 배추.cpp in Sources */ = {isa = PBXBuildFile; fileRef = E8DB38DE24F5417300A27AC6 /* DFS_01012_유기농 배추.cpp */; };
		E8DB38E124F54A6300A27AC6 /* BFS_07576_토마토.cpp in Sources */ = {isa = PBXBuildFile; fileRef = E8DB38E024F54A6300A27AC6 /* BFS_07576_토마토.cpp */; };
		E8DB38E324F54FD500A27AC6 /* BFS_07569_토마토.cpp in Sources */ = {isa = PBXBuildFile; fileRef = E8DB38E224F54FD500A27AC6 /* BFS_07569_토마토.cpp */; };
		E8DB38E524F55BEA00A27AC6 /* DFS_02583_영역 구하기.cpp in Sources */ = {isa = PBXBuildFile; fileRef = E8DB38E424F55BEA00A27AC6 /* DFS_02583_영역 구하기.cpp */; };
		E8DB38E724F566A100A27AC6 /* DFS_10026_적록색약.cpp in Sources */ = {isa = PBXBuildFile; fileRef = E8DB38E624F566A100A27AC6 /* DFS_10026_적록색약.cpp */; };
		E8DB38EA24F60A3600A27AC6 /* M_06588_골드바흐의 추측.cpp in Sources */ = {isa = PBXBuildFile; fileRef = E8DB38E924F60A3600A27AC6 /* M_06588_골드바흐의 추측.cpp */; };
		E8DB38EC24F67A1F00A27AC6 /* M_15711_환상의 짝꿍.cpp in Sources */ = {isa = PBXBuildFile; fileRef = E8DB38EB24F67A1F00A27AC6 /* M_15711_환상의 짝꿍.cpp */; };
		E8DB38EE24F7C50200A27AC6 /* DFS_02606_바이러스.cpp in Sources */ = {isa = PBXBuildFile; fileRef = E8DB38ED24F7C50200A27AC6 /* DFS_02606_바이러스.cpp */; };
		E8DB38FA24FA799600A27AC6 /* S_02636_치즈.cpp in Sources */ = {isa = PBXBuildFile; fileRef = E8DB38F924FA799600A27AC6 /* S_02636_치즈.cpp */; };
		E8DB38FC24FBD31100A27AC6 /* S_02638_치즈.cpp in Sources */ = {isa = PBXBuildFile; fileRef = E8DB38FB24FBD31100A27AC6 /* S_02638_치즈.cpp */; };
		E8DB390024FCC31A00A27AC6 /* BFS_05427_불.cpp in Sources */ = {isa = PBXBuildFile; fileRef = E8DB38FF24FCC31A00A27AC6 /* BFS_05427_불.cpp */; };
		E8DB390624FE569900A27AC6 /* BFS_02206_벽 부수고 이동하기.cpp in Sources */ = {isa = PBXBuildFile; fileRef = E8DB390524FE569900A27AC6 /* BFS_02206_벽 부수고 이동하기.cpp */; };
		E8EEAA18252A016E00DDF171 /* M_04504_배수 찾기.cpp in Sources */ = {isa = PBXBuildFile; fileRef = E8EEAA17252A016E00DDF171 /* M_04504_배수 찾기.cpp */; };
		E8EEAA1B252B2D2000DDF171 /* ETC_10102_개표.cpp in Sources */ = {isa = PBXBuildFile; fileRef = E8EEAA1A252B2D2000DDF171 /* ETC_10102_개표.cpp */; };
		E8EEAA442530A82B00DDF171 /* DP_09657_돌 게임 3.cpp in Sources */ = {isa = PBXBuildFile; fileRef = E8EEAA432530A82B00DDF171 /* DP_09657_돌 게임 3.cpp */; };
/* End PBXBuildFile section */

/* Begin PBXCopyFilesBuildPhase section */
		E846AABF24CD9A7E00BC9F44 /* CopyFiles */ = {
			isa = PBXCopyFilesBuildPhase;
			buildActionMask = 2147483647;
			dstPath = /usr/share/man/man1/;
			dstSubfolderSpec = 0;
			files = (
			);
			runOnlyForDeploymentPostprocessing = 1;
		};
/* End PBXCopyFilesBuildPhase section */

/* Begin PBXFileReference section */
		E80F4C862514B6D800661CE0 /* ETC_10989_수 정렬하기 3.cpp */ = {isa = PBXFileReference; lastKnownFileType = sourcecode.cpp.cpp; path = "ETC_10989_수 정렬하기 3.cpp"; sourceTree = "<group>"; };
		E80F4C8D2514B76F00661CE0 /* DP_01003_피보나치 함수.cpp */ = {isa = PBXFileReference; fileEncoding = 4; lastKnownFileType = sourcecode.cpp.cpp; path = "DP_01003_피보나치 함수.cpp"; sourceTree = "<group>"; };
		E80F4C8E2514B76F00661CE0 /* DP_02407_조합.cpp */ = {isa = PBXFileReference; fileEncoding = 4; lastKnownFileType = sourcecode.cpp.cpp; path = "DP_02407_조합.cpp"; sourceTree = "<group>"; };
		E80F4C8F2514B76F00661CE0 /* DP_09095_1, 2, 3 더하기.cpp */ = {isa = PBXFileReference; fileEncoding = 4; lastKnownFileType = sourcecode.cpp.cpp; path = "DP_09095_1, 2, 3 더하기.cpp"; sourceTree = "<group>"; };
		E80F4C902514B76F00661CE0 /* DP_15988_1, 2, 3 더하기 3.cpp */ = {isa = PBXFileReference; fileEncoding = 4; lastKnownFileType = sourcecode.cpp.cpp; path = "DP_15988_1, 2, 3 더하기 3.cpp"; sourceTree = "<group>"; };
		E80F4C912514B76F00661CE0 /* DP_12101_1, 2, 3 더하기 2.cpp */ = {isa = PBXFileReference; fileEncoding = 4; lastKnownFileType = sourcecode.cpp.cpp; path = "DP_12101_1, 2, 3 더하기 2.cpp"; sourceTree = "<group>"; };
		E80F4C9A2515F75D00661CE0 /* BF_03040_백설 공주와 일곱 난쟁이.cpp */ = {isa = PBXFileReference; lastKnownFileType = sourcecode.cpp.cpp; path = "BF_03040_백설 공주와 일곱 난쟁이.cpp"; sourceTree = "<group>"; };
		E80F4C9E2516960900661CE0 /* DP_05557_1학년.cpp */ = {isa = PBXFileReference; lastKnownFileType = sourcecode.cpp.cpp; path = "DP_05557_1학년.cpp"; sourceTree = "<group>"; };
		E80F4CA12518A87800661CE0 /* DP_04811_알약.cpp */ = {isa = PBXFileReference; lastKnownFileType = sourcecode.cpp.cpp; path = "DP_04811_알약.cpp"; sourceTree = "<group>"; };
		E80F4CA425190B0B00661CE0 /* DP_09625_BABBA.cpp */ = {isa = PBXFileReference; lastKnownFileType = sourcecode.cpp.cpp; path = DP_09625_BABBA.cpp; sourceTree = "<group>"; };
		E80F4CA725190DC800661CE0 /* DP_13301_타일 장식물.cpp */ = {isa = PBXFileReference; lastKnownFileType = sourcecode.cpp.cpp; path = "DP_13301_타일 장식물.cpp"; sourceTree = "<group>"; };
		E80F4CAA251915DB00661CE0 /* DP_14697_방 배정하기.cpp */ = {isa = PBXFileReference; lastKnownFileType = sourcecode.cpp.cpp; path = "DP_14697_방 배정하기.cpp"; sourceTree = "<group>"; };
		E80F4CB6251CB21200661CE0 /* DP_10164_격자상의 경로.cpp */ = {isa = PBXFileReference; lastKnownFileType = sourcecode.cpp.cpp; path = "DP_10164_격자상의 경로.cpp"; sourceTree = "<group>"; };
		E81D83DA24EEEAFE004081B2 /* BFS_01697_숨바꼭질.cpp */ = {isa = PBXFileReference; lastKnownFileType = sourcecode.cpp.cpp; path = "BFS_01697_숨바꼭질.cpp"; sourceTree = "<group>"; };
		E81D83DD24EF2A5B004081B2 /* S_15683_감시.cpp */ = {isa = PBXFileReference; lastKnownFileType = sourcecode.cpp.cpp; path = "S_15683_감시.cpp"; sourceTree = "<group>"; };
		E81D83E324F077A1004081B2 /* BT_15684_사다리 조작.cpp */ = {isa = PBXFileReference; lastKnownFileType = sourcecode.cpp.cpp; path = "BT_15684_사다리 조작.cpp"; sourceTree = "<group>"; };
		E8382F4B2521FA8B002900A9 /* G_01931_회의실배정.cpp */ = {isa = PBXFileReference; lastKnownFileType = sourcecode.cpp.cpp; path = "G_01931_회의실배정.cpp"; sourceTree = "<group>"; };
		E8382F5925230078002900A9 /* ETC_04470_줄번호.cpp */ = {isa = PBXFileReference; lastKnownFileType = sourcecode.cpp.cpp; path = "ETC_04470_줄번호.cpp"; sourceTree = "<group>"; };
		E8382F6425249608002900A9 /* DP_11053_가장 긴 증가하는 부분 수열.cpp */ = {isa = PBXFileReference; lastKnownFileType = sourcecode.cpp.cpp; path = "DP_11053_가장 긴 증가하는 부분 수열.cpp"; sourceTree = "<group>"; };
		E8382F672525DE35002900A9 /* DP_09655_돌 게임.cpp */ = {isa = PBXFileReference; lastKnownFileType = sourcecode.cpp.cpp; path = "DP_09655_돌 게임.cpp"; sourceTree = "<group>"; };
		E8382F6A2527348C002900A9 /* DP_09656_돌 게임 2.cpp */ = {isa = PBXFileReference; lastKnownFileType = sourcecode.cpp.cpp; path = "DP_09656_돌 게임 2.cpp"; sourceTree = "<group>"; };
		E8382F6D25287B03002900A9 /* M_10539_수빈이와 수열.cpp */ = {isa = PBXFileReference; lastKnownFileType = sourcecode.cpp.cpp; path = "M_10539_수빈이와 수열.cpp"; sourceTree = "<group>"; };
		E841B910251D0A7200C5BC60 /* BOJ */ = {isa = PBXFileReference; explicitFileType = "compiled.mach-o.executable"; includeInIndex = 0; path = BOJ; sourceTree = BUILT_PRODUCTS_DIR; };
		E841B911251D0B4A00C5BC60 /* DP_01520_내리막 길.cpp */ = {isa = PBXFileReference; lastKnownFileType = sourcecode.cpp.cpp; path = "DP_01520_내리막 길.cpp"; sourceTree = "<group>"; };
		E859B6A724FE6A4B00895C7D /* DFS_09466_텀 프로젝트.cpp */ = {isa = PBXFileReference; lastKnownFileType = sourcecode.cpp.cpp; path = "DFS_09466_텀 프로젝트.cpp"; sourceTree = "<group>"; };
		E859B6B224FFAB8100895C7D /* ETC_02909_캔디 구매.cpp */ = {isa = PBXFileReference; fileEncoding = 4; lastKnownFileType = sourcecode.cpp.cpp; path = "ETC_02909_캔디 구매.cpp"; sourceTree = "<group>"; };
		E859B6B324FFAB8100895C7D /* ETC_06603_로또.cpp */ = {isa = PBXFileReference; fileEncoding = 4; lastKnownFileType = sourcecode.cpp.cpp; path = "ETC_06603_로또.cpp"; sourceTree = "<group>"; };
		E859B6B424FFAB8100895C7D /* ETC_03009_네 번째 점.cpp */ = {isa = PBXFileReference; fileEncoding = 4; lastKnownFileType = sourcecode.cpp.cpp; path = "ETC_03009_네 번째 점.cpp"; sourceTree = "<group>"; };
		E859B6B524FFAB8100895C7D /* ETC_02493_탑.cpp */ = {isa = PBXFileReference; fileEncoding = 4; lastKnownFileType = sourcecode.cpp.cpp; path = "ETC_02493_탑.cpp"; sourceTree = "<group>"; };
		E859B6B624FFAB8100895C7D /* ETC_16172_나는 친구가 적다 (Large).cpp */ = {isa = PBXFileReference; fileEncoding = 4; lastKnownFileType = sourcecode.cpp.cpp; path = "ETC_16172_나는 친구가 적다 (Large).cpp"; sourceTree = "<group>"; };
		E859B6B724FFAB8100895C7D /* ETC_02164_카드2.cpp */ = {isa = PBXFileReference; fileEncoding = 4; lastKnownFileType = sourcecode.cpp.cpp; path = "ETC_02164_카드2.cpp"; sourceTree = "<group>"; };
		E859B6B924FFAB8100895C7D /* ETC_01966_프린터 큐.cpp */ = {isa = PBXFileReference; fileEncoding = 4; lastKnownFileType = sourcecode.cpp.cpp; path = "ETC_01966_프린터 큐.cpp"; sourceTree = "<group>"; };
		E859B6BA24FFAB8100895C7D /* ETC_02443_별 찍기 - 6.cpp */ = {isa = PBXFileReference; fileEncoding = 4; lastKnownFileType = sourcecode.cpp.cpp; path = "ETC_02443_별 찍기 - 6.cpp"; sourceTree = "<group>"; };
		E859B6BB24FFAB8100895C7D /* ETC_11328_Strfry.cpp */ = {isa = PBXFileReference; fileEncoding = 4; lastKnownFileType = sourcecode.cpp.cpp; path = ETC_11328_Strfry.cpp; sourceTree = "<group>"; };
		E859B6BC24FFAB8100895C7D /* ETC_01181_단어 정렬.cpp */ = {isa = PBXFileReference; fileEncoding = 4; lastKnownFileType = sourcecode.cpp.cpp; path = "ETC_01181_단어 정렬.cpp"; sourceTree = "<group>"; };
		E859B6BD24FFAB8100895C7D /* ETC_10807_개수 세기.cpp */ = {isa = PBXFileReference; fileEncoding = 4; lastKnownFileType = sourcecode.cpp.cpp; path = "ETC_10807_개수 세기.cpp"; sourceTree = "<group>"; };
		E859B6BE24FFAB8100895C7D /* ETC_01952_달팽이2.cpp */ = {isa = PBXFileReference; fileEncoding = 4; lastKnownFileType = sourcecode.cpp.cpp; path = "ETC_01952_달팽이2.cpp"; sourceTree = "<group>"; };
		E859B6C124FFAB8100895C7D /* ETC_02003_수들의 합.cpp */ = {isa = PBXFileReference; fileEncoding = 4; lastKnownFileType = sourcecode.cpp.cpp; path = "ETC_02003_수들의 합.cpp"; sourceTree = "<group>"; };
		E859B6C324FFAB8100895C7D /* ETC_02444_별 찍기 - 7.cpp */ = {isa = PBXFileReference; fileEncoding = 4; lastKnownFileType = sourcecode.cpp.cpp; path = "ETC_02444_별 찍기 - 7.cpp"; sourceTree = "<group>"; };
		E859B6C424FFAB8100895C7D /* ETC_11651_좌표 정렬하기 2.cpp */ = {isa = PBXFileReference; fileEncoding = 4; lastKnownFileType = sourcecode.cpp.cpp; path = "ETC_11651_좌표 정렬하기 2.cpp"; sourceTree = "<group>"; };
		E859B6C524FFAB8100895C7D /* ETC_01629_곱셈.cpp */ = {isa = PBXFileReference; fileEncoding = 4; lastKnownFileType = sourcecode.cpp.cpp; path = "ETC_01629_곱셈.cpp"; sourceTree = "<group>"; };
		E859B6C624FFAB8100895C7D /* ETC_11650_좌표 정렬하기.cpp */ = {isa = PBXFileReference; fileEncoding = 4; lastKnownFileType = sourcecode.cpp.cpp; path = "ETC_11650_좌표 정렬하기.cpp"; sourceTree = "<group>"; };
		E859B6C724FFAB8100895C7D /* ETC_16171_나는 친구가 적다 (Small).cpp */ = {isa = PBXFileReference; fileEncoding = 4; lastKnownFileType = sourcecode.cpp.cpp; path = "ETC_16171_나는 친구가 적다 (Small).cpp"; sourceTree = "<group>"; };
		E859B6C824FFAB8100895C7D /* ETC_15595_정답 비율 계산하기.cpp */ = {isa = PBXFileReference; fileEncoding = 4; lastKnownFileType = sourcecode.cpp.cpp; path = "ETC_15595_정답 비율 계산하기.cpp"; sourceTree = "<group>"; };
		E859B6C924FFAB8100895C7D /* ETC_05430_AC.cpp */ = {isa = PBXFileReference; fileEncoding = 4; lastKnownFileType = sourcecode.cpp.cpp; path = ETC_05430_AC.cpp; sourceTree = "<group>"; };
		E859B6CA24FFAB8100895C7D /* ETC_13300_방 배정.cpp */ = {isa = PBXFileReference; fileEncoding = 4; lastKnownFileType = sourcecode.cpp.cpp; path = "ETC_13300_방 배정.cpp"; sourceTree = "<group>"; };
		E859B6CB24FFAB8100895C7D /* ETC_07510_고급 수학.cpp */ = {isa = PBXFileReference; fileEncoding = 4; lastKnownFileType = sourcecode.cpp.cpp; path = "ETC_07510_고급 수학.cpp"; sourceTree = "<group>"; };
		E859B6CC24FFAB8100895C7D /* ETC_01874_스택 수열.cpp */ = {isa = PBXFileReference; fileEncoding = 4; lastKnownFileType = sourcecode.cpp.cpp; path = "ETC_01874_스택 수열.cpp"; sourceTree = "<group>"; };
		E859B6CD24FFAB8100895C7D /* ETC_02355_시그마.cpp */ = {isa = PBXFileReference; fileEncoding = 4; lastKnownFileType = sourcecode.cpp.cpp; path = "ETC_02355_시그마.cpp"; sourceTree = "<group>"; };
		E859B6CF24FFAB8100895C7D /* ETC_03035_스캐너.cpp */ = {isa = PBXFileReference; fileEncoding = 4; lastKnownFileType = sourcecode.cpp.cpp; path = "ETC_03035_스캐너.cpp"; sourceTree = "<group>"; };
		E859B6D124FFAB8100895C7D /* ETC_02445_별 찍기 - 8.cpp */ = {isa = PBXFileReference; fileEncoding = 4; lastKnownFileType = sourcecode.cpp.cpp; path = "ETC_02445_별 찍기 - 8.cpp"; sourceTree = "<group>"; };
		E859B6D224FFAB8100895C7D /* ETC_01919_애너그램 만들기.cpp */ = {isa = PBXFileReference; fileEncoding = 4; lastKnownFileType = sourcecode.cpp.cpp; path = "ETC_01919_애너그램 만들기.cpp"; sourceTree = "<group>"; };
		E859B6D324FFAB8100895C7D /* ETC_02752_세수정렬.cpp */ = {isa = PBXFileReference; fileEncoding = 4; lastKnownFileType = sourcecode.cpp.cpp; path = "ETC_02752_세수정렬.cpp"; sourceTree = "<group>"; };
		E859B6D624FFAB8100895C7D /* ETC_02966_찍기.cpp */ = {isa = PBXFileReference; fileEncoding = 4; lastKnownFileType = sourcecode.cpp.cpp; path = "ETC_02966_찍기.cpp"; sourceTree = "<group>"; };
		E859B6D724FFAB8100895C7D /* ETC_12813_이진수 연산.cpp */ = {isa = PBXFileReference; fileEncoding = 4; lastKnownFileType = sourcecode.cpp.cpp; path = "ETC_12813_이진수 연산.cpp"; sourceTree = "<group>"; };
		E859B6D824FFAB8100895C7D /* ETC_01021_회전하는 큐.cpp */ = {isa = PBXFileReference; fileEncoding = 4; lastKnownFileType = sourcecode.cpp.cpp; path = "ETC_01021_회전하는 큐.cpp"; sourceTree = "<group>"; };
		E859B6D924FFAB8100895C7D /* ETC_02751_수 정렬하기 2.cpp */ = {isa = PBXFileReference; fileEncoding = 4; lastKnownFileType = sourcecode.cpp.cpp; path = "ETC_02751_수 정렬하기 2.cpp"; sourceTree = "<group>"; };
		E859B6DA24FFAB8100895C7D /* ETC_10816_숫자 카드 2.cpp */ = {isa = PBXFileReference; fileEncoding = 4; lastKnownFileType = sourcecode.cpp.cpp; path = "ETC_10816_숫자 카드 2.cpp"; sourceTree = "<group>"; };
		E859B6DB24FFAB8100895C7D /* ETC_05397_키로거.cpp */ = {isa = PBXFileReference; fileEncoding = 4; lastKnownFileType = sourcecode.cpp.cpp; path = "ETC_05397_키로거.cpp"; sourceTree = "<group>"; };
		E859B6DC24FFAB8100895C7D /* ETC_02484_주사위 네개.cpp */ = {isa = PBXFileReference; fileEncoding = 4; lastKnownFileType = sourcecode.cpp.cpp; path = "ETC_02484_주사위 네개.cpp"; sourceTree = "<group>"; };
		E859B6DD24FFAB8100895C7D /* ETC_10815_숫자 카드.cpp */ = {isa = PBXFileReference; fileEncoding = 4; lastKnownFileType = sourcecode.cpp.cpp; path = "ETC_10815_숫자 카드.cpp"; sourceTree = "<group>"; };
		E859B6DE24FFAB8100895C7D /* ETC_01920_수 찾기.cpp */ = {isa = PBXFileReference; fileEncoding = 4; lastKnownFileType = sourcecode.cpp.cpp; path = "ETC_01920_수 찾기.cpp"; sourceTree = "<group>"; };
		E859B6DF24FFAB8100895C7D /* ETC_02587_대표값2.cpp */ = {isa = PBXFileReference; fileEncoding = 4; lastKnownFileType = sourcecode.cpp.cpp; path = "ETC_02587_대표값2.cpp"; sourceTree = "<group>"; };
		E859B6E024FFAB8100895C7D /* ETC_11004_K번째 수.cpp */ = {isa = PBXFileReference; fileEncoding = 4; lastKnownFileType = sourcecode.cpp.cpp; path = "ETC_11004_K번째 수.cpp"; sourceTree = "<group>"; };
		E859B6E224FFAB8100895C7D /* ETC_09012_괄호.cpp */ = {isa = PBXFileReference; fileEncoding = 4; lastKnownFileType = sourcecode.cpp.cpp; path = "ETC_09012_괄호.cpp"; sourceTree = "<group>"; };
		E859B6E324FFAB8100895C7D /* ETC_01267_핸드폰 요금.cpp */ = {isa = PBXFileReference; fileEncoding = 4; lastKnownFileType = sourcecode.cpp.cpp; path = "ETC_01267_핸드폰 요금.cpp"; sourceTree = "<group>"; };
		E859B6E424FFAB8100895C7D /* ETC_02485_가로수.cpp */ = {isa = PBXFileReference; fileEncoding = 4; lastKnownFileType = sourcecode.cpp.cpp; path = "ETC_02485_가로수.cpp"; sourceTree = "<group>"; };
		E859B6E524FFAB8100895C7D /* ETC_01158_요세푸스 문제.cpp */ = {isa = PBXFileReference; fileEncoding = 4; lastKnownFileType = sourcecode.cpp.cpp; path = "ETC_01158_요세푸스 문제.cpp"; sourceTree = "<group>"; };
		E859B6E624FFAB8100895C7D /* ETC_06198_옥상 정원 꾸미기.cpp */ = {isa = PBXFileReference; fileEncoding = 4; lastKnownFileType = sourcecode.cpp.cpp; path = "ETC_06198_옥상 정원 꾸미기.cpp"; sourceTree = "<group>"; };
		E859B6E724FFAB8100895C7D /* ETC_02480_주사위 세개.cpp */ = {isa = PBXFileReference; fileEncoding = 4; lastKnownFileType = sourcecode.cpp.cpp; path = "ETC_02480_주사위 세개.cpp"; sourceTree = "<group>"; };
		E859B6E824FFAB8100895C7D /* ETC_14581_팬들에게 둘러싸인 홍준.cpp */ = {isa = PBXFileReference; fileEncoding = 4; lastKnownFileType = sourcecode.cpp.cpp; path = "ETC_14581_팬들에게 둘러싸인 홍준.cpp"; sourceTree = "<group>"; };
		E859B6E924FFAB8100895C7D /* ETC_10804_카드 역배치.cpp */ = {isa = PBXFileReference; fileEncoding = 4; lastKnownFileType = sourcecode.cpp.cpp; path = "ETC_10804_카드 역배치.cpp"; sourceTree = "<group>"; };
		E859B6EA24FFAB8100895C7D /* ETC_02592_대표값.cpp */ = {isa = PBXFileReference; fileEncoding = 4; lastKnownFileType = sourcecode.cpp.cpp; path = "ETC_02592_대표값.cpp"; sourceTree = "<group>"; };
		E859B6EB24FFAB8100895C7D /* ETC_10093_숫자.cpp */ = {isa = PBXFileReference; fileEncoding = 4; lastKnownFileType = sourcecode.cpp.cpp; path = "ETC_10093_숫자.cpp"; sourceTree = "<group>"; };
		E859B6ED24FFAB8100895C7D /* ETC_01406_에디터.cpp */ = {isa = PBXFileReference; fileEncoding = 4; lastKnownFileType = sourcecode.cpp.cpp; path = "ETC_01406_에디터.cpp"; sourceTree = "<group>"; };
		E859B6EE24FFAB8100895C7D /* ETC_18258_큐 2.cpp */ = {isa = PBXFileReference; fileEncoding = 4; lastKnownFileType = sourcecode.cpp.cpp; path = "ETC_18258_큐 2.cpp"; sourceTree = "<group>"; };
		E859B6EF24FFAB8200895C7D /* ETC_14910_오르막.cpp */ = {isa = PBXFileReference; fileEncoding = 4; lastKnownFileType = sourcecode.cpp.cpp; path = "ETC_14910_오르막.cpp"; sourceTree = "<group>"; };
		E859B6F124FFAB8200895C7D /* ETC_01644_소수들의 연속합.cpp */ = {isa = PBXFileReference; fileEncoding = 4; lastKnownFileType = sourcecode.cpp.cpp; path = "ETC_01644_소수들의 연속합.cpp"; sourceTree = "<group>"; };
		E859B7332500061100895C7D /* BFS_02178_미로 탐색.cpp */ = {isa = PBXFileReference; lastKnownFileType = sourcecode.cpp.cpp; path = "BFS_02178_미로 탐색.cpp"; sourceTree = "<group>"; };
		E859B73525011ABB00895C7D /* ETC_04949_균형잡힌 세상.cpp */ = {isa = PBXFileReference; lastKnownFileType = sourcecode.cpp.cpp; path = "ETC_04949_균형잡힌 세상.cpp"; sourceTree = "<group>"; };
		E859B7372501244300895C7D /* ETC_10799_쇠막대기.cpp */ = {isa = PBXFileReference; lastKnownFileType = sourcecode.cpp.cpp; path = "ETC_10799_쇠막대기.cpp"; sourceTree = "<group>"; };
		E859B7392501437000895C7D /* ETC_02504_괄호의 값.cpp */ = {isa = PBXFileReference; lastKnownFileType = sourcecode.cpp.cpp; path = "ETC_02504_괄호의 값.cpp"; sourceTree = "<group>"; };
		E859B7402504DCC400895C7D /* G_04889_안정적인 문자열.cpp */ = {isa = PBXFileReference; lastKnownFileType = sourcecode.cpp.cpp; path = "G_04889_안정적인 문자열.cpp"; sourceTree = "<group>"; };
		E859B7422506778100895C7D /* G_05585_거스름돈.cpp */ = {isa = PBXFileReference; fileEncoding = 4; lastKnownFileType = sourcecode.cpp.cpp; path = "G_05585_거스름돈.cpp"; sourceTree = "<group>"; };
		E859B74425067C3C00895C7D /* BFS_07562_나이트의 이동.cpp */ = {isa = PBXFileReference; lastKnownFileType = sourcecode.cpp.cpp; path = "BFS_07562_나이트의 이동.cpp"; sourceTree = "<group>"; };
		E859B7732507D37600895C7D /* ETC_14681_사분면 고르기.cpp */ = {isa = PBXFileReference; lastKnownFileType = sourcecode.cpp.cpp; path = "ETC_14681_사분면 고르기.cpp"; sourceTree = "<group>"; };
		E859B7752507E5C000895C7D /* BFS_01600_말이 되고픈 원숭이.cpp */ = {isa = PBXFileReference; lastKnownFileType = sourcecode.cpp.cpp; path = "BFS_01600_말이 되고픈 원숭이.cpp"; sourceTree = "<group>"; };
		E859B7772507F03100895C7D /* BFS_14442_벽 부수고 이동하기 2.cpp */ = {isa = PBXFileReference; lastKnownFileType = sourcecode.cpp.cpp; path = "BFS_14442_벽 부수고 이동하기 2.cpp"; sourceTree = "<group>"; };
		E859B77B250929BE00895C7D /* BFS_05567_결혼식.cpp */ = {isa = PBXFileReference; lastKnownFileType = sourcecode.cpp.cpp; path = "BFS_05567_결혼식.cpp"; sourceTree = "<group>"; };
		E859B77D250A0B4D00895C7D /* DFS_01405_미친 로봇.cpp */ = {isa = PBXFileReference; lastKnownFileType = sourcecode.cpp.cpp; path = "DFS_01405_미친 로봇.cpp"; sourceTree = "<group>"; };
		E859B77F250A356700895C7D /* DFS_01743_음식물 피하기.cpp */ = {isa = PBXFileReference; lastKnownFileType = sourcecode.cpp.cpp; path = "DFS_01743_음식물 피하기.cpp"; sourceTree = "<group>"; };
		E859B79A2510D88600895C7D /* ETC_02108_통계학.cpp */ = {isa = PBXFileReference; lastKnownFileType = sourcecode.cpp.cpp; path = "ETC_02108_통계학.cpp"; sourceTree = "<group>"; };
		E859B79C25125C4900895C7D /* ETC_03047_ABC.cpp */ = {isa = PBXFileReference; lastKnownFileType = sourcecode.cpp.cpp; path = ETC_03047_ABC.cpp; sourceTree = "<group>"; };
		E859B79E25134F3000895C7D /* DFS_02023_신기한 소수.cpp */ = {isa = PBXFileReference; lastKnownFileType = sourcecode.cpp.cpp; path = "DFS_02023_신기한 소수.cpp"; sourceTree = "<group>"; };
		E859B7A025135BB100895C7D /* BFS_02251_물통.cpp */ = {isa = PBXFileReference; lastKnownFileType = sourcecode.cpp.cpp; path = "BFS_02251_물통.cpp"; sourceTree = "<group>"; };
		E859B7A2251360EE00895C7D /* DFS_02234_성곽.cpp */ = {isa = PBXFileReference; lastKnownFileType = sourcecode.cpp.cpp; path = "DFS_02234_성곽.cpp"; sourceTree = "<group>"; };
		E859B7A42513707C00895C7D /* DFS_01926_그림.cpp */ = {isa = PBXFileReference; lastKnownFileType = sourcecode.cpp.cpp; path = "DFS_01926_그림.cpp"; sourceTree = "<group>"; };
		E859B7A62514A68800895C7D /* M_10757_큰 수 A+B.cpp */ = {isa = PBXFileReference; lastKnownFileType = sourcecode.cpp.cpp; path = "M_10757_큰 수 A+B.cpp"; sourceTree = "<group>"; };
		E89F295624EA947F0000EDAB /* BT_02661_좋은수열.cpp */ = {isa = PBXFileReference; fileEncoding = 4; lastKnownFileType = sourcecode.cpp.cpp; path = "BT_02661_좋은수열.cpp"; sourceTree = "<group>"; };
		E89F295824EA94CC0000EDAB /* BT_02580_스도쿠.cpp */ = {isa = PBXFileReference; lastKnownFileType = sourcecode.cpp.cpp; path = "BT_02580_스도쿠.cpp"; sourceTree = "<group>"; };
		E89F297D24ED3F720000EDAB /* BFS_01260_DFS와 BFS.cpp */ = {isa = PBXFileReference; lastKnownFileType = sourcecode.cpp.cpp; path = "BFS_01260_DFS와 BFS.cpp"; sourceTree = "<group>"; };
		E89F297F24ED6D760000EDAB /* DFS_02667_단지번호붙이기.cpp */ = {isa = PBXFileReference; lastKnownFileType = sourcecode.cpp.cpp; path = "DFS_02667_단지번호붙이기.cpp"; sourceTree = "<group>"; };
		E89F298124EDA84E0000EDAB /* BFS_04179_불!.cpp */ = {isa = PBXFileReference; lastKnownFileType = sourcecode.cpp.cpp; path = "BFS_04179_불!.cpp"; sourceTree = "<group>"; };
		E89F298524EDADAD0000EDAB /* BF_15686_치킨 배달.cpp */ = {isa = PBXFileReference; fileEncoding = 4; lastKnownFileType = sourcecode.cpp.cpp; name = "BF_15686_치킨 배달.cpp"; path = "BruteForce(BF)/BF_15686_치킨 배달.cpp"; sourceTree = SOURCE_ROOT; };
		E8DB38C624F2DAF700A27AC6 /* BT_15649_N과 M (1).cpp */ = {isa = PBXFileReference; lastKnownFileType = sourcecode.cpp.cpp; path = "BT_15649_N과 M (1).cpp"; sourceTree = "<group>"; };
		E8DB38C824F2DE2100A27AC6 /* BT_15650_N과 M (2).cpp */ = {isa = PBXFileReference; lastKnownFileType = sourcecode.cpp.cpp; path = "BT_15650_N과 M (2).cpp"; sourceTree = "<group>"; };
		E8DB38CA24F2E17700A27AC6 /* BT_15651_N과 M (3).cpp */ = {isa = PBXFileReference; lastKnownFileType = sourcecode.cpp.cpp; path = "BT_15651_N과 M (3).cpp"; sourceTree = "<group>"; };
		E8DB38CC24F2E1F900A27AC6 /* BT_15652_N과 M (4).cpp */ = {isa = PBXFileReference; lastKnownFileType = sourcecode.cpp.cpp; path = "BT_15652_N과 M (4).cpp"; sourceTree = "<group>"; };
		E8DB38CE24F2E64400A27AC6 /* BT_15654_N과 M (5).cpp */ = {isa = PBXFileReference; lastKnownFileType = sourcecode.cpp.cpp; path = "BT_15654_N과 M (5).cpp"; sourceTree = "<group>"; };
		E8DB38D024F3A21100A27AC6 /* BT_15655_N과 M (6).cpp */ = {isa = PBXFileReference; lastKnownFileType = sourcecode.cpp.cpp; path = "BT_15655_N과 M (6).cpp"; sourceTree = "<group>"; };
		E8DB38D224F3A38C00A27AC6 /* BT_15656_N과 M (7).cpp */ = {isa = PBXFileReference; lastKnownFileType = sourcecode.cpp.cpp; path = "BT_15656_N과 M (7).cpp"; sourceTree = "<group>"; };
		E8DB38D424F3A56400A27AC6 /* BT_15657_N과 M (8).cpp */ = {isa = PBXFileReference; lastKnownFileType = sourcecode.cpp.cpp; path = "BT_15657_N과 M (8).cpp"; sourceTree = "<group>"; };
		E8DB38D624F51CD800A27AC6 /* BT_15663_N과 M (9).cpp */ = {isa = PBXFileReference; lastKnownFileType = sourcecode.cpp.cpp; path = "BT_15663_N과 M (9).cpp"; sourceTree = "<group>"; };
		E8DB38D824F51D3300A27AC6 /* BT_15664_N과 M (10).cpp */ = {isa = PBXFileReference; lastKnownFileType = sourcecode.cpp.cpp; path = "BT_15664_N과 M (10).cpp"; sourceTree = "<group>"; };
		E8DB38DA24F51DB900A27AC6 /* BT_15665_N과 M (11).cpp */ = {isa = PBXFileReference; lastKnownFileType = sourcecode.cpp.cpp; path = "BT_15665_N과 M (11).cpp"; sourceTree = "<group>"; };
		E8DB38DC24F5223800A27AC6 /* BT_15666_N과 M (12).cpp */ = {isa = PBXFileReference; lastKnownFileType = sourcecode.cpp.cpp; path = "BT_15666_N과 M (12).cpp"; sourceTree = "<group>"; };
		E8DB38DE24F5417300A27AC6 /* DFS_01012_유기농 배추.cpp */ = {isa = PBXFileReference; lastKnownFileType = sourcecode.cpp.cpp; path = "DFS_01012_유기농 배추.cpp"; sourceTree = "<group>"; };
		E8DB38E024F54A6300A27AC6 /* BFS_07576_토마토.cpp */ = {isa = PBXFileReference; lastKnownFileType = sourcecode.cpp.cpp; path = "BFS_07576_토마토.cpp"; sourceTree = "<group>"; };
		E8DB38E224F54FD500A27AC6 /* BFS_07569_토마토.cpp */ = {isa = PBXFileReference; lastKnownFileType = sourcecode.cpp.cpp; path = "BFS_07569_토마토.cpp"; sourceTree = "<group>"; };
		E8DB38E424F55BEA00A27AC6 /* DFS_02583_영역 구하기.cpp */ = {isa = PBXFileReference; lastKnownFileType = sourcecode.cpp.cpp; path = "DFS_02583_영역 구하기.cpp"; sourceTree = "<group>"; };
		E8DB38E624F566A100A27AC6 /* DFS_10026_적록색약.cpp */ = {isa = PBXFileReference; lastKnownFileType = sourcecode.cpp.cpp; path = "DFS_10026_적록색약.cpp"; sourceTree = "<group>"; };
		E8DB38E924F60A3600A27AC6 /* M_06588_골드바흐의 추측.cpp */ = {isa = PBXFileReference; lastKnownFileType = sourcecode.cpp.cpp; path = "M_06588_골드바흐의 추측.cpp"; sourceTree = "<group>"; };
		E8DB38EB24F67A1F00A27AC6 /* M_15711_환상의 짝꿍.cpp */ = {isa = PBXFileReference; lastKnownFileType = sourcecode.cpp.cpp; path = "M_15711_환상의 짝꿍.cpp"; sourceTree = "<group>"; };
		E8DB38ED24F7C50200A27AC6 /* DFS_02606_바이러스.cpp */ = {isa = PBXFileReference; lastKnownFileType = sourcecode.cpp.cpp; path = "DFS_02606_바이러스.cpp"; sourceTree = "<group>"; };
		E8DB38F924FA799600A27AC6 /* S_02636_치즈.cpp */ = {isa = PBXFileReference; lastKnownFileType = sourcecode.cpp.cpp; path = "S_02636_치즈.cpp"; sourceTree = "<group>"; };
		E8DB38FB24FBD31100A27AC6 /* S_02638_치즈.cpp */ = {isa = PBXFileReference; lastKnownFileType = sourcecode.cpp.cpp; path = "S_02638_치즈.cpp"; sourceTree = "<group>"; };
		E8DB38FF24FCC31A00A27AC6 /* BFS_05427_불.cpp */ = {isa = PBXFileReference; lastKnownFileType = sourcecode.cpp.cpp; path = "BFS_05427_불.cpp"; sourceTree = "<group>"; };
		E8DB390524FE569900A27AC6 /* BFS_02206_벽 부수고 이동하기.cpp */ = {isa = PBXFileReference; lastKnownFileType = sourcecode.cpp.cpp; path = "BFS_02206_벽 부수고 이동하기.cpp"; sourceTree = "<group>"; };
		E8EEAA17252A016E00DDF171 /* M_04504_배수 찾기.cpp */ = {isa = PBXFileReference; lastKnownFileType = sourcecode.cpp.cpp; path = "M_04504_배수 찾기.cpp"; sourceTree = "<group>"; };
		E8EEAA1A252B2D2000DDF171 /* ETC_10102_개표.cpp */ = {isa = PBXFileReference; lastKnownFileType = sourcecode.cpp.cpp; path = "ETC_10102_개표.cpp"; sourceTree = "<group>"; };
		E8EEAA432530A82B00DDF171 /* DP_09657_돌 게임 3.cpp */ = {isa = PBXFileReference; lastKnownFileType = sourcecode.cpp.cpp; path = "DP_09657_돌 게임 3.cpp"; sourceTree = "<group>"; };
/* End PBXFileReference section */

/* Begin PBXFrameworksBuildPhase section */
		E846AABE24CD9A7E00BC9F44 /* Frameworks */ = {
			isa = PBXFrameworksBuildPhase;
			buildActionMask = 2147483647;
			files = (
			);
			runOnlyForDeploymentPostprocessing = 0;
		};
/* End PBXFrameworksBuildPhase section */

/* Begin PBXGroup section */
		E81D83DC24EF2A40004081B2 /* Simulation(S) */ = {
			isa = PBXGroup;
			children = (
				E81D83DD24EF2A5B004081B2 /* S_15683_감시.cpp */,
				E8DB38F924FA799600A27AC6 /* S_02636_치즈.cpp */,
				E8DB38FB24FBD31100A27AC6 /* S_02638_치즈.cpp */,
			);
			path = "Simulation(S)";
			sourceTree = "<group>";
		};
		E846AAB824CD9A7E00BC9F44 = {
			isa = PBXGroup;
			children = (
				E859B73224FFFC8000895C7D /* Greedy(G) */,
				E859B6B124FFAB8100895C7D /* ETC */,
				E8DB38E824F60A2600A27AC6 /* Math(M) */,
				E81D83DC24EF2A40004081B2 /* Simulation(S) */,
				E89F295524EA947F0000EDAB /* BackTracking(BT) */,
				E89F294C24E9A8070000EDAB /* DynamicProgramming(DP) */,
				E89F294B24E9A75C0000EDAB /* BinarySearch(BS) */,
				E89F290B24E9A6F50000EDAB /* BreadthFirstSearch(BFS) */,
				E89F290A24E9A6F50000EDAB /* DepthFirstSearch(DFS) */,
				E89F290924E9A6F50000EDAB /* BruteForce(BF) */,
				E841B910251D0A7200C5BC60 /* BOJ */,
			);
			sourceTree = "<group>";
		};
		E859B6B124FFAB8100895C7D /* ETC */ = {
			isa = PBXGroup;
			children = (
				E859B6B224FFAB8100895C7D /* ETC_02909_캔디 구매.cpp */,
				E859B6B324FFAB8100895C7D /* ETC_06603_로또.cpp */,
				E859B6B424FFAB8100895C7D /* ETC_03009_네 번째 점.cpp */,
				E859B6B524FFAB8100895C7D /* ETC_02493_탑.cpp */,
				E859B6B624FFAB8100895C7D /* ETC_16172_나는 친구가 적다 (Large).cpp */,
				E859B6B724FFAB8100895C7D /* ETC_02164_카드2.cpp */,
				E859B6B924FFAB8100895C7D /* ETC_01966_프린터 큐.cpp */,
				E859B6BA24FFAB8100895C7D /* ETC_02443_별 찍기 - 6.cpp */,
				E859B79A2510D88600895C7D /* ETC_02108_통계학.cpp */,
				E8382F5925230078002900A9 /* ETC_04470_줄번호.cpp */,
				E859B6BB24FFAB8100895C7D /* ETC_11328_Strfry.cpp */,
				E859B6BC24FFAB8100895C7D /* ETC_01181_단어 정렬.cpp */,
				E859B6BD24FFAB8100895C7D /* ETC_10807_개수 세기.cpp */,
				E8EEAA1A252B2D2000DDF171 /* ETC_10102_개표.cpp */,
				E859B6BE24FFAB8100895C7D /* ETC_01952_달팽이2.cpp */,
				E859B6C124FFAB8100895C7D /* ETC_02003_수들의 합.cpp */,
				E859B6C324FFAB8100895C7D /* ETC_02444_별 찍기 - 7.cpp */,
				E859B6C424FFAB8100895C7D /* ETC_11651_좌표 정렬하기 2.cpp */,
				E859B79C25125C4900895C7D /* ETC_03047_ABC.cpp */,
				E859B6C524FFAB8100895C7D /* ETC_01629_곱셈.cpp */,
				E859B6C624FFAB8100895C7D /* ETC_11650_좌표 정렬하기.cpp */,
				E859B6C724FFAB8100895C7D /* ETC_16171_나는 친구가 적다 (Small).cpp */,
				E859B6C824FFAB8100895C7D /* ETC_15595_정답 비율 계산하기.cpp */,
				E859B6C924FFAB8100895C7D /* ETC_05430_AC.cpp */,
				E859B6CA24FFAB8100895C7D /* ETC_13300_방 배정.cpp */,
				E859B6CB24FFAB8100895C7D /* ETC_07510_고급 수학.cpp */,
				E859B6CC24FFAB8100895C7D /* ETC_01874_스택 수열.cpp */,
				E859B7732507D37600895C7D /* ETC_14681_사분면 고르기.cpp */,
				E859B6CD24FFAB8100895C7D /* ETC_02355_시그마.cpp */,
				E859B6CF24FFAB8100895C7D /* ETC_03035_스캐너.cpp */,
				E859B6D124FFAB8100895C7D /* ETC_02445_별 찍기 - 8.cpp */,
				E859B6D224FFAB8100895C7D /* ETC_01919_애너그램 만들기.cpp */,
				E859B6D324FFAB8100895C7D /* ETC_02752_세수정렬.cpp */,
				E859B6D624FFAB8100895C7D /* ETC_02966_찍기.cpp */,
				E859B6D724FFAB8100895C7D /* ETC_12813_이진수 연산.cpp */,
				E80F4C862514B6D800661CE0 /* ETC_10989_수 정렬하기 3.cpp */,
				E859B6D824FFAB8100895C7D /* ETC_01021_회전하는 큐.cpp */,
				E859B6D924FFAB8100895C7D /* ETC_02751_수 정렬하기 2.cpp */,
				E859B6DA24FFAB8100895C7D /* ETC_10816_숫자 카드 2.cpp */,
				E859B6DB24FFAB8100895C7D /* ETC_05397_키로거.cpp */,
				E859B6DC24FFAB8100895C7D /* ETC_02484_주사위 네개.cpp */,
				E859B6DD24FFAB8100895C7D /* ETC_10815_숫자 카드.cpp */,
				E859B6DE24FFAB8100895C7D /* ETC_01920_수 찾기.cpp */,
				E859B6DF24FFAB8100895C7D /* ETC_02587_대표값2.cpp */,
				E859B6E024FFAB8100895C7D /* ETC_11004_K번째 수.cpp */,
				E859B6E224FFAB8100895C7D /* ETC_09012_괄호.cpp */,
				E859B6E324FFAB8100895C7D /* ETC_01267_핸드폰 요금.cpp */,
				E859B6E424FFAB8100895C7D /* ETC_02485_가로수.cpp */,
				E859B6E524FFAB8100895C7D /* ETC_01158_요세푸스 문제.cpp */,
				E859B6E624FFAB8100895C7D /* ETC_06198_옥상 정원 꾸미기.cpp */,
				E859B6E724FFAB8100895C7D /* ETC_02480_주사위 세개.cpp */,
				E859B6E824FFAB8100895C7D /* ETC_14581_팬들에게 둘러싸인 홍준.cpp */,
				E859B6E924FFAB8100895C7D /* ETC_10804_카드 역배치.cpp */,
				E859B6EA24FFAB8100895C7D /* ETC_02592_대표값.cpp */,
				E859B6EB24FFAB8100895C7D /* ETC_10093_숫자.cpp */,
				E859B6ED24FFAB8100895C7D /* ETC_01406_에디터.cpp */,
				E859B6EE24FFAB8100895C7D /* ETC_18258_큐 2.cpp */,
				E859B73525011ABB00895C7D /* ETC_04949_균형잡힌 세상.cpp */,
				E859B6EF24FFAB8200895C7D /* ETC_14910_오르막.cpp */,
				E859B7372501244300895C7D /* ETC_10799_쇠막대기.cpp */,
				E859B6F124FFAB8200895C7D /* ETC_01644_소수들의 연속합.cpp */,
				E859B7392501437000895C7D /* ETC_02504_괄호의 값.cpp */,
			);
			path = ETC;
			sourceTree = "<group>";
		};
		E859B73224FFFC8000895C7D /* Greedy(G) */ = {
			isa = PBXGroup;
			children = (
				E859B7422506778100895C7D /* G_05585_거스름돈.cpp */,
				E8382F4B2521FA8B002900A9 /* G_01931_회의실배정.cpp */,
				E859B7402504DCC400895C7D /* G_04889_안정적인 문자열.cpp */,
			);
			path = "Greedy(G)";
			sourceTree = "<group>";
		};
		E89F290924E9A6F50000EDAB /* BruteForce(BF) */ = {
			isa = PBXGroup;
			children = (
				E89F298524EDADAD0000EDAB /* BF_15686_치킨 배달.cpp */,
				E80F4C9A2515F75D00661CE0 /* BF_03040_백설 공주와 일곱 난쟁이.cpp */,
			);
			path = "BruteForce(BF)";
			sourceTree = "<group>";
		};
		E89F290A24E9A6F50000EDAB /* DepthFirstSearch(DFS) */ = {
			isa = PBXGroup;
			children = (
				E89F297F24ED6D760000EDAB /* DFS_02667_단지번호붙이기.cpp */,
				E859B79E25134F3000895C7D /* DFS_02023_신기한 소수.cpp */,
				E8DB38E424F55BEA00A27AC6 /* DFS_02583_영역 구하기.cpp */,
				E859B7A2251360EE00895C7D /* DFS_02234_성곽.cpp */,
				E859B77D250A0B4D00895C7D /* DFS_01405_미친 로봇.cpp */,
				E859B7A42513707C00895C7D /* DFS_01926_그림.cpp */,
				E859B77F250A356700895C7D /* DFS_01743_음식물 피하기.cpp */,
				E8DB38DE24F5417300A27AC6 /* DFS_01012_유기농 배추.cpp */,
				E859B6A724FE6A4B00895C7D /* DFS_09466_텀 프로젝트.cpp */,
				E8DB38E624F566A100A27AC6 /* DFS_10026_적록색약.cpp */,
				E8DB38ED24F7C50200A27AC6 /* DFS_02606_바이러스.cpp */,
			);
			path = "DepthFirstSearch(DFS)";
			sourceTree = "<group>";
		};
		E89F290B24E9A6F50000EDAB /* BreadthFirstSearch(BFS) */ = {
			isa = PBXGroup;
			children = (
				E89F297D24ED3F720000EDAB /* BFS_01260_DFS와 BFS.cpp */,
				E859B7332500061100895C7D /* BFS_02178_미로 탐색.cpp */,
				E859B77B250929BE00895C7D /* BFS_05567_결혼식.cpp */,
				E81D83DA24EEEAFE004081B2 /* BFS_01697_숨바꼭질.cpp */,
				E859B7A025135BB100895C7D /* BFS_02251_물통.cpp */,
				E859B7752507E5C000895C7D /* BFS_01600_말이 되고픈 원숭이.cpp */,
				E859B7772507F03100895C7D /* BFS_14442_벽 부수고 이동하기 2.cpp */,
				E8DB390524FE569900A27AC6 /* BFS_02206_벽 부수고 이동하기.cpp */,
				E859B74425067C3C00895C7D /* BFS_07562_나이트의 이동.cpp */,
				E89F298124EDA84E0000EDAB /* BFS_04179_불!.cpp */,
				E8DB38E024F54A6300A27AC6 /* BFS_07576_토마토.cpp */,
				E8DB38E224F54FD500A27AC6 /* BFS_07569_토마토.cpp */,
				E8DB38FF24FCC31A00A27AC6 /* BFS_05427_불.cpp */,
			);
			path = "BreadthFirstSearch(BFS)";
			sourceTree = "<group>";
		};
		E89F294B24E9A75C0000EDAB /* BinarySearch(BS) */ = {
			isa = PBXGroup;
			children = (
			);
			path = "BinarySearch(BS)";
			sourceTree = "<group>";
		};
		E89F294C24E9A8070000EDAB /* DynamicProgramming(DP) */ = {
			isa = PBXGroup;
			children = (
				E80F4C8D2514B76F00661CE0 /* DP_01003_피보나치 함수.cpp */,
				E80F4C8E2514B76F00661CE0 /* DP_02407_조합.cpp */,
				E841B911251D0B4A00C5BC60 /* DP_01520_내리막 길.cpp */,
				E80F4C8F2514B76F00661CE0 /* DP_09095_1, 2, 3 더하기.cpp */,
				E80F4C912514B76F00661CE0 /* DP_12101_1, 2, 3 더하기 2.cpp */,
				E80F4C902514B76F00661CE0 /* DP_15988_1, 2, 3 더하기 3.cpp */,
				E80F4CB6251CB21200661CE0 /* DP_10164_격자상의 경로.cpp */,
				E8382F6425249608002900A9 /* DP_11053_가장 긴 증가하는 부분 수열.cpp */,
				E80F4C9E2516960900661CE0 /* DP_05557_1학년.cpp */,
				E80F4CAA251915DB00661CE0 /* DP_14697_방 배정하기.cpp */,
				E80F4CA425190B0B00661CE0 /* DP_09625_BABBA.cpp */,
				E80F4CA12518A87800661CE0 /* DP_04811_알약.cpp */,
				E80F4CA725190DC800661CE0 /* DP_13301_타일 장식물.cpp */,
				E8382F672525DE35002900A9 /* DP_09655_돌 게임.cpp */,
				E8382F6A2527348C002900A9 /* DP_09656_돌 게임 2.cpp */,
				E8EEAA432530A82B00DDF171 /* DP_09657_돌 게임 3.cpp */,
			);
			path = "DynamicProgramming(DP)";
			sourceTree = "<group>";
		};
		E89F295524EA947F0000EDAB /* BackTracking(BT) */ = {
			isa = PBXGroup;
			children = (
				E89F295624EA947F0000EDAB /* BT_02661_좋은수열.cpp */,
				E89F295824EA94CC0000EDAB /* BT_02580_스도쿠.cpp */,
				E81D83E324F077A1004081B2 /* BT_15684_사다리 조작.cpp */,
				E8DB38C624F2DAF700A27AC6 /* BT_15649_N과 M (1).cpp */,
				E8DB38C824F2DE2100A27AC6 /* BT_15650_N과 M (2).cpp */,
				E8DB38CA24F2E17700A27AC6 /* BT_15651_N과 M (3).cpp */,
				E8DB38CC24F2E1F900A27AC6 /* BT_15652_N과 M (4).cpp */,
				E8DB38CE24F2E64400A27AC6 /* BT_15654_N과 M (5).cpp */,
				E8DB38D024F3A21100A27AC6 /* BT_15655_N과 M (6).cpp */,
				E8DB38D224F3A38C00A27AC6 /* BT_15656_N과 M (7).cpp */,
				E8DB38D424F3A56400A27AC6 /* BT_15657_N과 M (8).cpp */,
				E8DB38D624F51CD800A27AC6 /* BT_15663_N과 M (9).cpp */,
				E8DB38D824F51D3300A27AC6 /* BT_15664_N과 M (10).cpp */,
				E8DB38DA24F51DB900A27AC6 /* BT_15665_N과 M (11).cpp */,
				E8DB38DC24F5223800A27AC6 /* BT_15666_N과 M (12).cpp */,
			);
			path = "BackTracking(BT)";
			sourceTree = "<group>";
		};
		E8DB38E824F60A2600A27AC6 /* Math(M) */ = {
			isa = PBXGroup;
			children = (
				E8DB38E924F60A3600A27AC6 /* M_06588_골드바흐의 추측.cpp */,
				E8DB38EB24F67A1F00A27AC6 /* M_15711_환상의 짝꿍.cpp */,
				E859B7A62514A68800895C7D /* M_10757_큰 수 A+B.cpp */,
				E8EEAA17252A016E00DDF171 /* M_04504_배수 찾기.cpp */,
				E8382F6D25287B03002900A9 /* M_10539_수빈이와 수열.cpp */,
			);
			path = "Math(M)";
			sourceTree = "<group>";
		};
/* End PBXGroup section */

/* Begin PBXNativeTarget section */
		E846AAC024CD9A7E00BC9F44 /* BOJ */ = {
			isa = PBXNativeTarget;
			buildConfigurationList = E846AAC824CD9A7E00BC9F44 /* Build configuration list for PBXNativeTarget "BOJ" */;
			buildPhases = (
				E846AABD24CD9A7E00BC9F44 /* Sources */,
				E846AABE24CD9A7E00BC9F44 /* Frameworks */,
				E846AABF24CD9A7E00BC9F44 /* CopyFiles */,
			);
			buildRules = (
			);
			dependencies = (
			);
			name = BOJ;
			productName = BOJ;
			productReference = E841B910251D0A7200C5BC60 /* BOJ */;
			productType = "com.apple.product-type.tool";
		};
/* End PBXNativeTarget section */

/* Begin PBXProject section */
		E846AAB924CD9A7E00BC9F44 /* Project object */ = {
			isa = PBXProject;
			attributes = {
				LastUpgradeCheck = 1150;
				ORGANIZATIONNAME = "Park GeonYeol";
				TargetAttributes = {
					E846AAC024CD9A7E00BC9F44 = {
						CreatedOnToolsVersion = 11.5;
					};
				};
			};
			buildConfigurationList = E846AABC24CD9A7E00BC9F44 /* Build configuration list for PBXProject "BOJ" */;
			compatibilityVersion = "Xcode 9.3";
			developmentRegion = en;
			hasScannedForEncodings = 0;
			knownRegions = (
				en,
				Base,
			);
			mainGroup = E846AAB824CD9A7E00BC9F44;
			productRefGroup = E846AAB824CD9A7E00BC9F44;
			projectDirPath = "";
			projectRoot = "";
			targets = (
				E846AAC024CD9A7E00BC9F44 /* BOJ */,
			);
		};
/* End PBXProject section */

/* Begin PBXSourcesBuildPhase section */
		E846AABD24CD9A7E00BC9F44 /* Sources */ = {
			isa = PBXSourcesBuildPhase;
			buildActionMask = 2147483647;
			files = (
				E859B7A72514A68800895C7D /* M_10757_큰 수 A+B.cpp in Sources */,
				E8DB38DF24F5417300A27AC6 /* DFS_01012_유기농 배추.cpp in Sources */,
				E8DB38FC24FBD31100A27AC6 /* S_02638_치즈.cpp in Sources */,
				E8DB38C924F2DE2100A27AC6 /* BT_15650_N과 M (2).cpp in Sources */,
				E859B7412504DCC400895C7D /* G_04889_안정적인 문자열.cpp in Sources */,
				E80F4CA825190DC800661CE0 /* DP_13301_타일 장식물.cpp in Sources */,
				E859B72924FFAB8200895C7D /* ETC_10804_카드 역배치.cpp in Sources */,
				E8382F6B2527348C002900A9 /* DP_09656_돌 게임 2.cpp in Sources */,
				E8DB38D124F3A21100A27AC6 /* BT_15655_N과 M (6).cpp in Sources */,
				E8382F5A25230078002900A9 /* ETC_04470_줄번호.cpp in Sources */,
				E80F4C9B2515F75D00661CE0 /* BF_03040_백설 공주와 일곱 난쟁이.cpp in Sources */,
				E859B71824FFAB8200895C7D /* ETC_01021_회전하는 큐.cpp in Sources */,
				E859B6F724FFAB8200895C7D /* ETC_02164_카드2.cpp in Sources */,
				E859B6F224FFAB8200895C7D /* ETC_02909_캔디 구매.cpp in Sources */,
				E859B71324FFAB8200895C7D /* ETC_02752_세수정렬.cpp in Sources */,
				E859B77E250A0B4D00895C7D /* DFS_01405_미친 로봇.cpp in Sources */,
				E89F295724EA947F0000EDAB /* BT_02661_좋은수열.cpp in Sources */,
				E80F4CA525190B0B00661CE0 /* DP_09625_BABBA.cpp in Sources */,
				E859B7382501244300895C7D /* ETC_10799_쇠막대기.cpp in Sources */,
				E859B70B24FFAB8200895C7D /* ETC_07510_고급 수학.cpp in Sources */,
				E859B71924FFAB8200895C7D /* ETC_02751_수 정렬하기 2.cpp in Sources */,
				E8DB38C724F2DAF700A27AC6 /* BT_15649_N과 M (1).cpp in Sources */,
				E8DB38D724F51CD800A27AC6 /* BT_15663_N과 M (9).cpp in Sources */,
				E80F4C932514B76F00661CE0 /* DP_02407_조합.cpp in Sources */,
				E80F4C962514B76F00661CE0 /* DP_12101_1, 2, 3 더하기 2.cpp in Sources */,
				E859B70624FFAB8200895C7D /* ETC_11650_좌표 정렬하기.cpp in Sources */,
				E8EEAA1B252B2D2000DDF171 /* ETC_10102_개표.cpp in Sources */,
				E859B72824FFAB8200895C7D /* ETC_14581_팬들에게 둘러싸인 홍준.cpp in Sources */,
				E8DB38D524F3A56400A27AC6 /* BT_15657_N과 M (8).cpp in Sources */,
				E81D83DE24EF2A5B004081B2 /* S_15683_감시.cpp in Sources */,
				E859B70C24FFAB8200895C7D /* ETC_01874_스택 수열.cpp in Sources */,
				E859B70A24FFAB8200895C7D /* ETC_13300_방 배정.cpp in Sources */,
				E859B72A24FFAB8200895C7D /* ETC_02592_대표값.cpp in Sources */,
				E859B70424FFAB8200895C7D /* ETC_11651_좌표 정렬하기 2.cpp in Sources */,
				E8382F6E25287B03002900A9 /* M_10539_수빈이와 수열.cpp in Sources */,
				E859B7762507E5C000895C7D /* BFS_01600_말이 되고픈 원숭이.cpp in Sources */,
				E89F298224EDA84E0000EDAB /* BFS_04179_불!.cpp in Sources */,
				E859B780250A356700895C7D /* DFS_01743_음식물 피하기.cpp in Sources */,
				E8DB38CD24F2E1F900A27AC6 /* BT_15652_N과 M (4).cpp in Sources */,
				E89F298624EDADAD0000EDAB /* BF_15686_치킨 배달.cpp in Sources */,
				E859B71C24FFAB8200895C7D /* ETC_02484_주사위 네개.cpp in Sources */,
				E859B70524FFAB8200895C7D /* ETC_01629_곱셈.cpp in Sources */,
				E859B71D24FFAB8200895C7D /* ETC_10815_숫자 카드.cpp in Sources */,
				E859B71724FFAB8200895C7D /* ETC_12813_이진수 연산.cpp in Sources */,
				E8DB38D924F51D3300A27AC6 /* BT_15664_N과 M (10).cpp in Sources */,
				E89F297E24ED3F720000EDAB /* BFS_01260_DFS와 BFS.cpp in Sources */,
				E859B6F324FFAB8200895C7D /* ETC_06603_로또.cpp in Sources */,
				E8DB38EE24F7C50200A27AC6 /* DFS_02606_바이러스.cpp in Sources */,
				E859B73625011ABB00895C7D /* ETC_04949_균형잡힌 세상.cpp in Sources */,
				E8EEAA18252A016E00DDF171 /* M_04504_배수 찾기.cpp in Sources */,
				E859B73A2501437000895C7D /* ETC_02504_괄호의 값.cpp in Sources */,
				E859B79F25134F3000895C7D /* DFS_02023_신기한 소수.cpp in Sources */,
				E859B71124FFAB8200895C7D /* ETC_02445_별 찍기 - 8.cpp in Sources */,
				E859B7A125135BB100895C7D /* BFS_02251_물통.cpp in Sources */,
				E859B70324FFAB8200895C7D /* ETC_02444_별 찍기 - 7.cpp in Sources */,
				E859B70D24FFAB8200895C7D /* ETC_02355_시그마.cpp in Sources */,
				E859B6A824FE6A4B00895C7D /* DFS_09466_텀 프로젝트.cpp in Sources */,
				E859B71624FFAB8200895C7D /* ETC_02966_찍기.cpp in Sources */,
				E8DB38E124F54A6300A27AC6 /* BFS_07576_토마토.cpp in Sources */,
				E859B72424FFAB8200895C7D /* ETC_02485_가로수.cpp in Sources */,
				E859B6F524FFAB8200895C7D /* ETC_02493_탑.cpp in Sources */,
				E80F4C952514B76F00661CE0 /* DP_15988_1, 2, 3 더하기 3.cpp in Sources */,
				E8DB38CB24F2E17700A27AC6 /* BT_15651_N과 M (3).cpp in Sources */,
				E859B72224FFAB8200895C7D /* ETC_09012_괄호.cpp in Sources */,
				E859B71B24FFAB8200895C7D /* ETC_05397_키로거.cpp in Sources */,
				E80F4C922514B76F00661CE0 /* DP_01003_피보나치 함수.cpp in Sources */,
				E859B6F624FFAB8200895C7D /* ETC_16172_나는 친구가 적다 (Large).cpp in Sources */,
				E859B77C250929BE00895C7D /* BFS_05567_결혼식.cpp in Sources */,
				E80F4CA22518A87800661CE0 /* DP_04811_알약.cpp in Sources */,
				E8382F4C2521FA8B002900A9 /* G_01931_회의실배정.cpp in Sources */,
				E859B7342500061100895C7D /* BFS_02178_미로 탐색.cpp in Sources */,
				E8DB38EA24F60A3600A27AC6 /* M_06588_골드바흐의 추측.cpp in Sources */,
				E8382F6525249608002900A9 /* DP_11053_가장 긴 증가하는 부분 수열.cpp in Sources */,
				E859B72D24FFAB8200895C7D /* ETC_01406_에디터.cpp in Sources */,
				E8DB390024FCC31A00A27AC6 /* BFS_05427_불.cpp in Sources */,
				E859B73124FFAB8200895C7D /* ETC_01644_소수들의 연속합.cpp in Sources */,
				E859B71F24FFAB8200895C7D /* ETC_02587_대표값2.cpp in Sources */,
				E859B74525067C3C00895C7D /* BFS_07562_나이트의 이동.cpp in Sources */,
				E81D83E424F077A1004081B2 /* BT_15684_사다리 조작.cpp in Sources */,
				E8EEAA442530A82B00DDF171 /* DP_09657_돌 게임 3.cpp in Sources */,
				E859B72E24FFAB8200895C7D /* ETC_18258_큐 2.cpp in Sources */,
				E8DB38DB24F51DB900A27AC6 /* BT_15665_N과 M (11).cpp in Sources */,
				E859B72024FFAB8200895C7D /* ETC_11004_K번째 수.cpp in Sources */,
				E859B6FC24FFAB8200895C7D /* ETC_01181_단어 정렬.cpp in Sources */,
				E80F4CB7251CB21200661CE0 /* DP_10164_격자상의 경로.cpp in Sources */,
				E859B72B24FFAB8200895C7D /* ETC_10093_숫자.cpp in Sources */,
				E859B70824FFAB8200895C7D /* ETC_15595_정답 비율 계산하기.cpp in Sources */,
				E859B7432506778100895C7D /* G_05585_거스름돈.cpp in Sources */,
				E859B72F24FFAB8200895C7D /* ETC_14910_오르막.cpp in Sources */,
				E859B70F24FFAB8200895C7D /* ETC_03035_스캐너.cpp in Sources */,
				E859B72624FFAB8200895C7D /* ETC_06198_옥상 정원 꾸미기.cpp in Sources */,
				E80F4C872514B6D800661CE0 /* ETC_10989_수 정렬하기 3.cpp in Sources */,
				E859B70124FFAB8200895C7D /* ETC_02003_수들의 합.cpp in Sources */,
				E859B7A3251360EE00895C7D /* DFS_02234_성곽.cpp in Sources */,
				E8DB38E524F55BEA00A27AC6 /* DFS_02583_영역 구하기.cpp in Sources */,
				E8DB38E324F54FD500A27AC6 /* BFS_07569_토마토.cpp in Sources */,
				E8382F682525DE35002900A9 /* DP_09655_돌 게임.cpp in Sources */,
				E8DB38EC24F67A1F00A27AC6 /* M_15711_환상의 짝꿍.cpp in Sources */,
				E89F298024ED6D760000EDAB /* DFS_02667_단지번호붙이기.cpp in Sources */,
				E859B7782507F03100895C7D /* BFS_14442_벽 부수고 이동하기 2.cpp in Sources */,
				E859B6FD24FFAB8200895C7D /* ETC_10807_개수 세기.cpp in Sources */,
				E859B71224FFAB8200895C7D /* ETC_01919_애너그램 만들기.cpp in Sources */,
				E8DB38DD24F5223800A27AC6 /* BT_15666_N과 M (12).cpp in Sources */,
				E81D83DB24EEEAFE004081B2 /* BFS_01697_숨바꼭질.cpp in Sources */,
				E859B6FE24FFAB8200895C7D /* ETC_01952_달팽이2.cpp in Sources */,
				E859B72724FFAB8200895C7D /* ETC_02480_주사위 세개.cpp in Sources */,
				E859B6FA24FFAB8200895C7D /* ETC_02443_별 찍기 - 6.cpp in Sources */,
				E859B72524FFAB8200895C7D /* ETC_01158_요세푸스 문제.cpp in Sources */,
				E859B7742507D37600895C7D /* ETC_14681_사분면 고르기.cpp in Sources */,
				E8DB38CF24F2E64400A27AC6 /* BT_15654_N과 M (5).cpp in Sources */,
				E859B79D25125C4900895C7D /* ETC_03047_ABC.cpp in Sources */,
				E859B6F424FFAB8200895C7D /* ETC_03009_네 번째 점.cpp in Sources */,
				E859B71E24FFAB8200895C7D /* ETC_01920_수 찾기.cpp in Sources */,
				E8DB390624FE569900A27AC6 /* BFS_02206_벽 부수고 이동하기.cpp in Sources */,
				E80F4C9F2516960900661CE0 /* DP_05557_1학년.cpp in Sources */,
				E859B79B2510D88600895C7D /* ETC_02108_통계학.cpp in Sources */,
				E80F4CAB251915DB00661CE0 /* DP_14697_방 배정하기.cpp in Sources */,
				E80F4C942514B76F00661CE0 /* DP_09095_1, 2, 3 더하기.cpp in Sources */,
				E859B70924FFAB8200895C7D /* ETC_05430_AC.cpp in Sources */,
				E89F295924EA94CC0000EDAB /* BT_02580_스도쿠.cpp in Sources */,
				E8DB38D324F3A38C00A27AC6 /* BT_15656_N과 M (7).cpp in Sources */,
				E841B912251D0B4A00C5BC60 /* DP_01520_내리막 길.cpp in Sources */,
				E859B70724FFAB8200895C7D /* ETC_16171_나는 친구가 적다 (Small).cpp in Sources */,
				E8DB38FA24FA799600A27AC6 /* S_02636_치즈.cpp in Sources */,
				E859B71A24FFAB8200895C7D /* ETC_10816_숫자 카드 2.cpp in Sources */,
				E8DB38E724F566A100A27AC6 /* DFS_10026_적록색약.cpp in Sources */,
				E859B6FB24FFAB8200895C7D /* ETC_11328_Strfry.cpp in Sources */,
				E859B7A52513707C00895C7D /* DFS_01926_그림.cpp in Sources */,
				E859B72324FFAB8200895C7D /* ETC_01267_핸드폰 요금.cpp in Sources */,
				E859B6F924FFAB8200895C7D /* ETC_01966_프린터 큐.cpp in Sources */,
			);
			runOnlyForDeploymentPostprocessing = 0;
		};
/* End PBXSourcesBuildPhase section */

/* Begin XCBuildConfiguration section */
		E846AAC624CD9A7E00BC9F44 /* Debug */ = {
			isa = XCBuildConfiguration;
			buildSettings = {
				ALWAYS_SEARCH_USER_PATHS = NO;
				CLANG_ANALYZER_NONNULL = YES;
				CLANG_ANALYZER_NUMBER_OBJECT_CONVERSION = YES_AGGRESSIVE;
				CLANG_CXX_LANGUAGE_STANDARD = "gnu++14";
				CLANG_CXX_LIBRARY = "libc++";
				CLANG_ENABLE_MODULES = YES;
				CLANG_ENABLE_OBJC_ARC = YES;
				CLANG_ENABLE_OBJC_WEAK = YES;
				CLANG_WARN_BLOCK_CAPTURE_AUTORELEASING = YES;
				CLANG_WARN_BOOL_CONVERSION = YES;
				CLANG_WARN_COMMA = YES;
				CLANG_WARN_CONSTANT_CONVERSION = YES;
				CLANG_WARN_DEPRECATED_OBJC_IMPLEMENTATIONS = YES;
				CLANG_WARN_DIRECT_OBJC_ISA_USAGE = YES_ERROR;
				CLANG_WARN_DOCUMENTATION_COMMENTS = YES;
				CLANG_WARN_EMPTY_BODY = YES;
				CLANG_WARN_ENUM_CONVERSION = YES;
				CLANG_WARN_INFINITE_RECURSION = YES;
				CLANG_WARN_INT_CONVERSION = YES;
				CLANG_WARN_NON_LITERAL_NULL_CONVERSION = YES;
				CLANG_WARN_OBJC_IMPLICIT_RETAIN_SELF = YES;
				CLANG_WARN_OBJC_LITERAL_CONVERSION = YES;
				CLANG_WARN_OBJC_ROOT_CLASS = YES_ERROR;
				CLANG_WARN_RANGE_LOOP_ANALYSIS = YES;
				CLANG_WARN_STRICT_PROTOTYPES = YES;
				CLANG_WARN_SUSPICIOUS_MOVE = YES;
				CLANG_WARN_UNGUARDED_AVAILABILITY = YES_AGGRESSIVE;
				CLANG_WARN_UNREACHABLE_CODE = YES;
				CLANG_WARN__DUPLICATE_METHOD_MATCH = YES;
				COPY_PHASE_STRIP = NO;
				DEBUG_INFORMATION_FORMAT = dwarf;
				ENABLE_STRICT_OBJC_MSGSEND = YES;
				ENABLE_TESTABILITY = YES;
				GCC_C_LANGUAGE_STANDARD = gnu11;
				GCC_DYNAMIC_NO_PIC = NO;
				GCC_NO_COMMON_BLOCKS = YES;
				GCC_OPTIMIZATION_LEVEL = 0;
				GCC_PREPROCESSOR_DEFINITIONS = (
					"DEBUG=1",
					"$(inherited)",
				);
				GCC_WARN_64_TO_32_BIT_CONVERSION = YES;
				GCC_WARN_ABOUT_RETURN_TYPE = YES_ERROR;
				GCC_WARN_UNDECLARED_SELECTOR = YES;
				GCC_WARN_UNINITIALIZED_AUTOS = YES_AGGRESSIVE;
				GCC_WARN_UNUSED_FUNCTION = YES;
				GCC_WARN_UNUSED_VARIABLE = YES;
				MACOSX_DEPLOYMENT_TARGET = 10.15;
				MTL_ENABLE_DEBUG_INFO = INCLUDE_SOURCE;
				MTL_FAST_MATH = YES;
				ONLY_ACTIVE_ARCH = YES;
				SDKROOT = macosx;
			};
			name = Debug;
		};
		E846AAC724CD9A7E00BC9F44 /* Release */ = {
			isa = XCBuildConfiguration;
			buildSettings = {
				ALWAYS_SEARCH_USER_PATHS = NO;
				CLANG_ANALYZER_NONNULL = YES;
				CLANG_ANALYZER_NUMBER_OBJECT_CONVERSION = YES_AGGRESSIVE;
				CLANG_CXX_LANGUAGE_STANDARD = "gnu++14";
				CLANG_CXX_LIBRARY = "libc++";
				CLANG_ENABLE_MODULES = YES;
				CLANG_ENABLE_OBJC_ARC = YES;
				CLANG_ENABLE_OBJC_WEAK = YES;
				CLANG_WARN_BLOCK_CAPTURE_AUTORELEASING = YES;
				CLANG_WARN_BOOL_CONVERSION = YES;
				CLANG_WARN_COMMA = YES;
				CLANG_WARN_CONSTANT_CONVERSION = YES;
				CLANG_WARN_DEPRECATED_OBJC_IMPLEMENTATIONS = YES;
				CLANG_WARN_DIRECT_OBJC_ISA_USAGE = YES_ERROR;
				CLANG_WARN_DOCUMENTATION_COMMENTS = YES;
				CLANG_WARN_EMPTY_BODY = YES;
				CLANG_WARN_ENUM_CONVERSION = YES;
				CLANG_WARN_INFINITE_RECURSION = YES;
				CLANG_WARN_INT_CONVERSION = YES;
				CLANG_WARN_NON_LITERAL_NULL_CONVERSION = YES;
				CLANG_WARN_OBJC_IMPLICIT_RETAIN_SELF = YES;
				CLANG_WARN_OBJC_LITERAL_CONVERSION = YES;
				CLANG_WARN_OBJC_ROOT_CLASS = YES_ERROR;
				CLANG_WARN_RANGE_LOOP_ANALYSIS = YES;
				CLANG_WARN_STRICT_PROTOTYPES = YES;
				CLANG_WARN_SUSPICIOUS_MOVE = YES;
				CLANG_WARN_UNGUARDED_AVAILABILITY = YES_AGGRESSIVE;
				CLANG_WARN_UNREACHABLE_CODE = YES;
				CLANG_WARN__DUPLICATE_METHOD_MATCH = YES;
				COPY_PHASE_STRIP = NO;
				DEBUG_INFORMATION_FORMAT = "dwarf-with-dsym";
				ENABLE_NS_ASSERTIONS = NO;
				ENABLE_STRICT_OBJC_MSGSEND = YES;
				GCC_C_LANGUAGE_STANDARD = gnu11;
				GCC_NO_COMMON_BLOCKS = YES;
				GCC_WARN_64_TO_32_BIT_CONVERSION = YES;
				GCC_WARN_ABOUT_RETURN_TYPE = YES_ERROR;
				GCC_WARN_UNDECLARED_SELECTOR = YES;
				GCC_WARN_UNINITIALIZED_AUTOS = YES_AGGRESSIVE;
				GCC_WARN_UNUSED_FUNCTION = YES;
				GCC_WARN_UNUSED_VARIABLE = YES;
				MACOSX_DEPLOYMENT_TARGET = 10.15;
				MTL_ENABLE_DEBUG_INFO = NO;
				MTL_FAST_MATH = YES;
				SDKROOT = macosx;
			};
			name = Release;
		};
		E846AAC924CD9A7E00BC9F44 /* Debug */ = {
			isa = XCBuildConfiguration;
			buildSettings = {
				CODE_SIGN_STYLE = Automatic;
				PRODUCT_NAME = "$(TARGET_NAME)";
			};
			name = Debug;
		};
		E846AACA24CD9A7E00BC9F44 /* Release */ = {
			isa = XCBuildConfiguration;
			buildSettings = {
				CODE_SIGN_STYLE = Automatic;
				PRODUCT_NAME = "$(TARGET_NAME)";
			};
			name = Release;
		};
/* End XCBuildConfiguration section */

/* Begin XCConfigurationList section */
		E846AABC24CD9A7E00BC9F44 /* Build configuration list for PBXProject "BOJ" */ = {
			isa = XCConfigurationList;
			buildConfigurations = (
				E846AAC624CD9A7E00BC9F44 /* Debug */,
				E846AAC724CD9A7E00BC9F44 /* Release */,
			);
			defaultConfigurationIsVisible = 0;
			defaultConfigurationName = Release;
		};
		E846AAC824CD9A7E00BC9F44 /* Build configuration list for PBXNativeTarget "BOJ" */ = {
			isa = XCConfigurationList;
			buildConfigurations = (
				E846AAC924CD9A7E00BC9F44 /* Debug */,
				E846AACA24CD9A7E00BC9F44 /* Release */,
			);
			defaultConfigurationIsVisible = 0;
			defaultConfigurationName = Release;
		};
/* End XCConfigurationList section */
	};
	rootObject = E846AAB924CD9A7E00BC9F44 /* Project object */;
}
